// !$*UTF8*$!
{
	archiveVersion = 1;
	classes = {
	};
	objectVersion = 46;
	objects = {

/* Begin PBXBuildFile section */
		E801C44F1E3E7F0500CA3AB1 /* libcows.dylib in Frameworks */ = {isa = PBXBuildFile; fileRef = E801C44C1E3E7EFA00CA3AB1 /* libcows.dylib */; };
		E86AA6051E3E7CED003F6A97 /* ExpressMain.swift in Sources */ = {isa = PBXBuildFile; fileRef = E86AA6031E3E7CED003F6A97 /* ExpressMain.swift */; };
		E86AA6061E3E7CED003F6A97 /* mods_expressdemo.swift in Sources */ = {isa = PBXBuildFile; fileRef = E86AA6041E3E7CED003F6A97 /* mods_expressdemo.swift */; };
		E86AA6211E3E7E2B003F6A97 /* libApacheExpress.dylib in Frameworks */ = {isa = PBXBuildFile; fileRef = E86AA61C1E3E7DAB003F6A97 /* libApacheExpress.dylib */; };
/* End PBXBuildFile section */

/* Begin PBXContainerItemProxy section */
		E801C44B1E3E7EFA00CA3AB1 /* PBXContainerItemProxy */ = {
			isa = PBXContainerItemProxy;
			containerPortal = E801C4471E3E7EF900CA3AB1 /* cows.xcodeproj */;
			proxyType = 2;
			remoteGlobalIDString = E83AF8D81E3E40370039F300;
			remoteInfo = cows;
		};
		E801C44D1E3E7F0100CA3AB1 /* PBXContainerItemProxy */ = {
			isa = PBXContainerItemProxy;
			containerPortal = E801C4471E3E7EF900CA3AB1 /* cows.xcodeproj */;
			proxyType = 1;
			remoteGlobalIDString = E83AF8D71E3E40370039F300;
			remoteInfo = cows;
		};
		E86AA6131E3E7DA4003F6A97 /* PBXContainerItemProxy */ = {
			isa = PBXContainerItemProxy;
			containerPortal = E86AA60F1E3E7DA4003F6A97 /* mod_swift.xcodeproj */;
			proxyType = 2;
			remoteGlobalIDString = E83AF8981E3E3F5C0039F300;
			remoteInfo = mod_swift;
		};
		E86AA61B1E3E7DAB003F6A97 /* PBXContainerItemProxy */ = {
			isa = PBXContainerItemProxy;
			containerPortal = E86AA6151E3E7DAB003F6A97 /* ApacheExpress.xcodeproj */;
			proxyType = 2;
			remoteGlobalIDString = E83AF8A81E3E3F820039F300;
			remoteInfo = ApacheExpress;
		};
		E86AA61D1E3E7E24003F6A97 /* PBXContainerItemProxy */ = {
			isa = PBXContainerItemProxy;
			containerPortal = E86AA60F1E3E7DA4003F6A97 /* mod_swift.xcodeproj */;
			proxyType = 1;
			remoteGlobalIDString = E83AF8971E3E3F5C0039F300;
			remoteInfo = mod_swift;
		};
		E86AA61F1E3E7E24003F6A97 /* PBXContainerItemProxy */ = {
			isa = PBXContainerItemProxy;
			containerPortal = E86AA6151E3E7DAB003F6A97 /* ApacheExpress.xcodeproj */;
			proxyType = 1;
			remoteGlobalIDString = E83AF8A71E3E3F820039F300;
			remoteInfo = ApacheExpress;
		};
/* End PBXContainerItemProxy section */

/* Begin PBXFileReference section */
		E801C4471E3E7EF900CA3AB1 /* cows.xcodeproj */ = {isa = PBXFileReference; lastKnownFileType = "wrapper.pb-project"; name = cows.xcodeproj; path = ../ThirdParty/cows/cows.xcodeproj; sourceTree = "<group>"; };
		E83AF8C81E3E3FC40039F300 /* mods_expressdemo.so */ = {isa = PBXFileReference; explicitFileType = "compiled.mach-o.dylib"; includeInIndex = 0; path = mods_expressdemo.so; sourceTree = BUILT_PRODUCTS_DIR; };
		E86AA6031E3E7CED003F6A97 /* ExpressMain.swift */ = {isa = PBXFileReference; fileEncoding = 4; lastKnownFileType = sourcecode.swift; path = ExpressMain.swift; sourceTree = "<group>"; };
		E86AA6041E3E7CED003F6A97 /* mods_expressdemo.swift */ = {isa = PBXFileReference; fileEncoding = 4; lastKnownFileType = sourcecode.swift; path = mods_expressdemo.swift; sourceTree = "<group>"; };
		E86AA6081E3E7D09003F6A97 /* README.md */ = {isa = PBXFileReference; lastKnownFileType = net.daringfireball.markdown; path = README.md; sourceTree = "<group>"; };
		E86AA6091E3E7D1D003F6A97 /* apache.conf */ = {isa = PBXFileReference; lastKnownFileType = text; path = apache.conf; sourceTree = "<group>"; };
		E86AA60D1E3E7D6E003F6A97 /* ApacheSwiftModule.xcconfig */ = {isa = PBXFileReference; lastKnownFileType = text.xcconfig; name = ApacheSwiftModule.xcconfig; path = ../mod_swift/xcconfig/ApacheSwiftModule.xcconfig; sourceTree = "<group>"; };
		E86AA60E1E3E7D77003F6A97 /* Base.xcconfig */ = {isa = PBXFileReference; lastKnownFileType = text.xcconfig; name = Base.xcconfig; path = ../mod_swift/xcconfig/Base.xcconfig; sourceTree = "<group>"; };
		E86AA60F1E3E7DA4003F6A97 /* mod_swift.xcodeproj */ = {isa = PBXFileReference; lastKnownFileType = "wrapper.pb-project"; name = mod_swift.xcodeproj; path = ../mod_swift/mod_swift.xcodeproj; sourceTree = "<group>"; };
		E86AA6151E3E7DAB003F6A97 /* ApacheExpress.xcodeproj */ = {isa = PBXFileReference; lastKnownFileType = "wrapper.pb-project"; name = ApacheExpress.xcodeproj; path = ../ApacheExpress/ApacheExpress.xcodeproj; sourceTree = "<group>"; };
/* End PBXFileReference section */

/* Begin PBXFrameworksBuildPhase section */
		E83AF8C51E3E3FC40039F300 /* Frameworks */ = {
			isa = PBXFrameworksBuildPhase;
			buildActionMask = 2147483647;
			files = (
				E801C44F1E3E7F0500CA3AB1 /* libcows.dylib in Frameworks */,
				E86AA6211E3E7E2B003F6A97 /* libApacheExpress.dylib in Frameworks */,
			);
			runOnlyForDeploymentPostprocessing = 0;
		};
/* End PBXFrameworksBuildPhase section */

/* Begin PBXGroup section */
		E801C4481E3E7EF900CA3AB1 /* Products */ = {
			isa = PBXGroup;
			children = (
				E801C44C1E3E7EFA00CA3AB1 /* libcows.dylib */,
			);
			name = Products;
			sourceTree = "<group>";
		};
		E83AF8BF1E3E3FC40039F300 = {
			isa = PBXGroup;
			children = (
				E86AA6081E3E7D09003F6A97 /* README.md */,
				E86AA60A1E3E7D27003F6A97 /* Apache Configuration */,
				E86AA6021E3E7CED003F6A97 /* Sources */,
				E86AA60B1E3E7D44003F6A97 /* Configurations */,
				E86AA60C1E3E7D54003F6A97 /* Dependencies */,
				E83AF8C91E3E3FC40039F300 /* Products */,
			);
			sourceTree = "<group>";
		};
		E83AF8C91E3E3FC40039F300 /* Products */ = {
			isa = PBXGroup;
			children = (
				E83AF8C81E3E3FC40039F300 /* mods_expressdemo.so */,
			);
			name = Products;
			sourceTree = "<group>";
		};
		E86AA6021E3E7CED003F6A97 /* Sources */ = {
			isa = PBXGroup;
			children = (
				E86AA6031E3E7CED003F6A97 /* ExpressMain.swift */,
				E86AA6041E3E7CED003F6A97 /* mods_expressdemo.swift */,
			);
			path = Sources;
			sourceTree = "<group>";
		};
		E86AA60A1E3E7D27003F6A97 /* Apache Configuration */ = {
			isa = PBXGroup;
			children = (
				E86AA6091E3E7D1D003F6A97 /* apache.conf */,
			);
			name = "Apache Configuration";
			sourceTree = "<group>";
		};
		E86AA60B1E3E7D44003F6A97 /* Configurations */ = {
			isa = PBXGroup;
			children = (
				E86AA60D1E3E7D6E003F6A97 /* ApacheSwiftModule.xcconfig */,
				E86AA60E1E3E7D77003F6A97 /* Base.xcconfig */,
			);
			name = Configurations;
			sourceTree = "<group>";
		};
		E86AA60C1E3E7D54003F6A97 /* Dependencies */ = {
			isa = PBXGroup;
			children = (
				E801C4471E3E7EF900CA3AB1 /* cows.xcodeproj */,
				E86AA60F1E3E7DA4003F6A97 /* mod_swift.xcodeproj */,
				E86AA6151E3E7DAB003F6A97 /* ApacheExpress.xcodeproj */,
			);
			name = Dependencies;
			sourceTree = "<group>";
		};
		E86AA6101E3E7DA4003F6A97 /* Products */ = {
			isa = PBXGroup;
			children = (
				E86AA6141E3E7DA4003F6A97 /* mod_swift.so */,
			);
			name = Products;
			sourceTree = "<group>";
		};
		E86AA6161E3E7DAB003F6A97 /* Products */ = {
			isa = PBXGroup;
			children = (
				E86AA61C1E3E7DAB003F6A97 /* libApacheExpress.dylib */,
			);
			name = Products;
			sourceTree = "<group>";
		};
/* End PBXGroup section */

/* Begin PBXHeadersBuildPhase section */
		E83AF8C61E3E3FC40039F300 /* Headers */ = {
			isa = PBXHeadersBuildPhase;
			buildActionMask = 2147483647;
			files = (
			);
			runOnlyForDeploymentPostprocessing = 0;
		};
/* End PBXHeadersBuildPhase section */

/* Begin PBXNativeTarget section */
		E83AF8C71E3E3FC40039F300 /* mods_expressdemo */ = {
			isa = PBXNativeTarget;
			buildConfigurationList = E83AF8CC1E3E3FC40039F300 /* Build configuration list for PBXNativeTarget "mods_expressdemo" */;
			buildPhases = (
				E83AF8C41E3E3FC40039F300 /* Sources */,
				E83AF8C51E3E3FC40039F300 /* Frameworks */,
				E83AF8C61E3E3FC40039F300 /* Headers */,
			);
			buildRules = (
			);
			dependencies = (
				E801C44E1E3E7F0100CA3AB1 /* PBXTargetDependency */,
				E86AA61E1E3E7E24003F6A97 /* PBXTargetDependency */,
				E86AA6201E3E7E24003F6A97 /* PBXTargetDependency */,
			);
			name = mods_expressdemo;
			productName = mods_expressdemo;
			productReference = E83AF8C81E3E3FC40039F300 /* mods_expressdemo.so */;
			productType = "com.apple.product-type.library.dynamic";
		};
/* End PBXNativeTarget section */

/* Begin PBXProject section */
		E83AF8C01E3E3FC40039F300 /* Project object */ = {
			isa = PBXProject;
			attributes = {
				LastUpgradeCheck = 0820;
				ORGANIZATIONNAME = "ZeeZide GmbH";
				TargetAttributes = {
					E83AF8C71E3E3FC40039F300 = {
						CreatedOnToolsVersion = 8.2.1;
						DevelopmentTeam = 4GXF3JAMM4;
						ProvisioningStyle = Automatic;
					};
				};
			};
			buildConfigurationList = E83AF8C31E3E3FC40039F300 /* Build configuration list for PBXProject "mods_expressdemo" */;
			compatibilityVersion = "Xcode 3.2";
			developmentRegion = English;
			hasScannedForEncodings = 0;
			knownRegions = (
				en,
			);
			mainGroup = E83AF8BF1E3E3FC40039F300;
			productRefGroup = E83AF8C91E3E3FC40039F300 /* Products */;
			projectDirPath = "";
			projectReferences = (
				{
					ProductGroup = E86AA6161E3E7DAB003F6A97 /* Products */;
					ProjectRef = E86AA6151E3E7DAB003F6A97 /* ApacheExpress.xcodeproj */;
				},
				{
					ProductGroup = E801C4481E3E7EF900CA3AB1 /* Products */;
					ProjectRef = E801C4471E3E7EF900CA3AB1 /* cows.xcodeproj */;
				},
				{
					ProductGroup = E86AA6101E3E7DA4003F6A97 /* Products */;
					ProjectRef = E86AA60F1E3E7DA4003F6A97 /* mod_swift.xcodeproj */;
				},
			);
			projectRoot = "";
			targets = (
				E83AF8C71E3E3FC40039F300 /* mods_expressdemo */,
			);
		};
/* End PBXProject section */

/* Begin PBXReferenceProxy section */
		E801C44C1E3E7EFA00CA3AB1 /* libcows.dylib */ = {
			isa = PBXReferenceProxy;
			fileType = "compiled.mach-o.dylib";
			path = libcows.dylib;
			remoteRef = E801C44B1E3E7EFA00CA3AB1 /* PBXContainerItemProxy */;
			sourceTree = BUILT_PRODUCTS_DIR;
		};
		E86AA6141E3E7DA4003F6A97 /* mod_swift.so */ = {
			isa = PBXReferenceProxy;
			fileType = "compiled.mach-o.dylib";
			path = mod_swift.so;
			remoteRef = E86AA6131E3E7DA4003F6A97 /* PBXContainerItemProxy */;
			sourceTree = BUILT_PRODUCTS_DIR;
		};
		E86AA61C1E3E7DAB003F6A97 /* libApacheExpress.dylib */ = {
			isa = PBXReferenceProxy;
			fileType = "compiled.mach-o.dylib";
			path = libApacheExpress.dylib;
			remoteRef = E86AA61B1E3E7DAB003F6A97 /* PBXContainerItemProxy */;
			sourceTree = BUILT_PRODUCTS_DIR;
		};
/* End PBXReferenceProxy section */

/* Begin PBXSourcesBuildPhase section */
		E83AF8C41E3E3FC40039F300 /* Sources */ = {
			isa = PBXSourcesBuildPhase;
			buildActionMask = 2147483647;
			files = (
				E86AA6061E3E7CED003F6A97 /* mods_expressdemo.swift in Sources */,
				E86AA6051E3E7CED003F6A97 /* ExpressMain.swift in Sources */,
			);
			runOnlyForDeploymentPostprocessing = 0;
		};
/* End PBXSourcesBuildPhase section */

/* Begin PBXTargetDependency section */
		E801C44E1E3E7F0100CA3AB1 /* PBXTargetDependency */ = {
			isa = PBXTargetDependency;
			name = cows;
			targetProxy = E801C44D1E3E7F0100CA3AB1 /* PBXContainerItemProxy */;
		};
		E86AA61E1E3E7E24003F6A97 /* PBXTargetDependency */ = {
			isa = PBXTargetDependency;
			name = mod_swift;
			targetProxy = E86AA61D1E3E7E24003F6A97 /* PBXContainerItemProxy */;
		};
		E86AA6201E3E7E24003F6A97 /* PBXTargetDependency */ = {
			isa = PBXTargetDependency;
			name = ApacheExpress;
			targetProxy = E86AA61F1E3E7E24003F6A97 /* PBXContainerItemProxy */;
		};
/* End PBXTargetDependency section */

/* Begin XCBuildConfiguration section */
		E83AF8CA1E3E3FC40039F300 /* Debug */ = {
			isa = XCBuildConfiguration;
			buildSettings = {
				ALWAYS_SEARCH_USER_PATHS = NO;
				CLANG_ANALYZER_NONNULL = YES;
				CLANG_CXX_LANGUAGE_STANDARD = "gnu++0x";
				CLANG_CXX_LIBRARY = "libc++";
				CLANG_ENABLE_MODULES = YES;
				CLANG_ENABLE_OBJC_ARC = YES;
				CLANG_WARN_BOOL_CONVERSION = YES;
				CLANG_WARN_CONSTANT_CONVERSION = YES;
				CLANG_WARN_DIRECT_OBJC_ISA_USAGE = YES_ERROR;
				CLANG_WARN_DOCUMENTATION_COMMENTS = YES;
				CLANG_WARN_EMPTY_BODY = YES;
				CLANG_WARN_ENUM_CONVERSION = YES;
				CLANG_WARN_INFINITE_RECURSION = YES;
				CLANG_WARN_INT_CONVERSION = YES;
				CLANG_WARN_OBJC_ROOT_CLASS = YES_ERROR;
				CLANG_WARN_SUSPICIOUS_MOVE = YES;
				CLANG_WARN_UNREACHABLE_CODE = YES;
				CLANG_WARN__DUPLICATE_METHOD_MATCH = YES;
				CODE_SIGN_IDENTITY = "-";
				COPY_PHASE_STRIP = NO;
				DEBUG_INFORMATION_FORMAT = dwarf;
				ENABLE_STRICT_OBJC_MSGSEND = YES;
				ENABLE_TESTABILITY = YES;
				GCC_C_LANGUAGE_STANDARD = gnu99;
				GCC_DYNAMIC_NO_PIC = NO;
				GCC_NO_COMMON_BLOCKS = YES;
				GCC_OPTIMIZATION_LEVEL = 0;
				GCC_PREPROCESSOR_DEFINITIONS = (
					"DEBUG=1",
					"$(inherited)",
				);
				GCC_WARN_64_TO_32_BIT_CONVERSION = YES;
				GCC_WARN_ABOUT_RETURN_TYPE = YES_ERROR;
				GCC_WARN_UNDECLARED_SELECTOR = YES;
				GCC_WARN_UNINITIALIZED_AUTOS = YES_AGGRESSIVE;
				GCC_WARN_UNUSED_FUNCTION = YES;
				GCC_WARN_UNUSED_VARIABLE = YES;
				MACOSX_DEPLOYMENT_TARGET = 10.12;
				MTL_ENABLE_DEBUG_INFO = YES;
				ONLY_ACTIVE_ARCH = YES;
				SDKROOT = macosx;
			};
			name = Debug;
		};
		E83AF8CB1E3E3FC40039F300 /* Release */ = {
			isa = XCBuildConfiguration;
			buildSettings = {
				ALWAYS_SEARCH_USER_PATHS = NO;
				CLANG_ANALYZER_NONNULL = YES;
				CLANG_CXX_LANGUAGE_STANDARD = "gnu++0x";
				CLANG_CXX_LIBRARY = "libc++";
				CLANG_ENABLE_MODULES = YES;
				CLANG_ENABLE_OBJC_ARC = YES;
				CLANG_WARN_BOOL_CONVERSION = YES;
				CLANG_WARN_CONSTANT_CONVERSION = YES;
				CLANG_WARN_DIRECT_OBJC_ISA_USAGE = YES_ERROR;
				CLANG_WARN_DOCUMENTATION_COMMENTS = YES;
				CLANG_WARN_EMPTY_BODY = YES;
				CLANG_WARN_ENUM_CONVERSION = YES;
				CLANG_WARN_INFINITE_RECURSION = YES;
				CLANG_WARN_INT_CONVERSION = YES;
				CLANG_WARN_OBJC_ROOT_CLASS = YES_ERROR;
				CLANG_WARN_SUSPICIOUS_MOVE = YES;
				CLANG_WARN_UNREACHABLE_CODE = YES;
				CLANG_WARN__DUPLICATE_METHOD_MATCH = YES;
				CODE_SIGN_IDENTITY = "-";
				COPY_PHASE_STRIP = NO;
				DEBUG_INFORMATION_FORMAT = "dwarf-with-dsym";
				ENABLE_NS_ASSERTIONS = NO;
				ENABLE_STRICT_OBJC_MSGSEND = YES;
				GCC_C_LANGUAGE_STANDARD = gnu99;
				GCC_NO_COMMON_BLOCKS = YES;
				GCC_WARN_64_TO_32_BIT_CONVERSION = YES;
				GCC_WARN_ABOUT_RETURN_TYPE = YES_ERROR;
				GCC_WARN_UNDECLARED_SELECTOR = YES;
				GCC_WARN_UNINITIALIZED_AUTOS = YES_AGGRESSIVE;
				GCC_WARN_UNUSED_FUNCTION = YES;
				GCC_WARN_UNUSED_VARIABLE = YES;
				MACOSX_DEPLOYMENT_TARGET = 10.12;
				MTL_ENABLE_DEBUG_INFO = NO;
				SDKROOT = macosx;
			};
			name = Release;
		};
		E83AF8CD1E3E3FC40039F300 /* Debug */ = {
			isa = XCBuildConfiguration;
			baseConfigurationReference = E86AA60D1E3E7D6E003F6A97 /* ApacheSwiftModule.xcconfig */;
			buildSettings = {
				DYLIB_COMPATIBILITY_VERSION = 1;
				DYLIB_CURRENT_VERSION = 1;
				PRODUCT_NAME = "$(TARGET_NAME)";
			};
			name = Debug;
		};
		E83AF8CE1E3E3FC40039F300 /* Release */ = {
			isa = XCBuildConfiguration;
			baseConfigurationReference = E86AA60D1E3E7D6E003F6A97 /* ApacheSwiftModule.xcconfig */;
			buildSettings = {
				DYLIB_COMPATIBILITY_VERSION = 1;
				DYLIB_CURRENT_VERSION = 1;
				PRODUCT_NAME = "$(TARGET_NAME)";
			};
			name = Release;
		};
/* End XCBuildConfiguration section */

/* Begin XCConfigurationList section */
		E83AF8C31E3E3FC40039F300 /* Build configuration list for PBXProject "mods_expressdemo" */ = {
			isa = XCConfigurationList;
			buildConfigurations = (
				E83AF8CA1E3E3FC40039F300 /* Debug */,
				E83AF8CB1E3E3FC40039F300 /* Release */,
			);
			defaultConfigurationIsVisible = 0;
			defaultConfigurationName = Release;
		};
		E83AF8CC1E3E3FC40039F300 /* Build configuration list for PBXNativeTarget "mods_expressdemo" */ = {
			isa = XCConfigurationList;
			buildConfigurations = (
				E83AF8CD1E3E3FC40039F300 /* Debug */,
				E83AF8CE1E3E3FC40039F300 /* Release */,
			);
			defaultConfigurationIsVisible = 0;
			defaultConfigurationName = Release;
		};
/* End XCConfigurationList section */
	};
	rootObject = E83AF8C01E3E3FC40039F300 /* Project object */;
}
