// !$*UTF8*$!
{
	archiveVersion = 1;
	classes = {
	};
	objectVersion = 46;
	objects = {

/* Begin PBXBuildFile section */
		E834530B1E3B9E0300174774 /* CookieParser.swift in Sources */ = {isa = PBXBuildFile; fileRef = E834530A1E3B9E0300174774 /* CookieParser.swift */; };
		E834530D1E3B9E2600174774 /* Logger.swift in Sources */ = {isa = PBXBuildFile; fileRef = E834530C1E3B9E2600174774 /* Logger.swift */; };
		E834530F1E3B9E6100174774 /* timespec.swift in Sources */ = {isa = PBXBuildFile; fileRef = E834530E1E3B9E6100174774 /* timespec.swift */; };
		E83453111E3B9E9700174774 /* timeval_any.swift in Sources */ = {isa = PBXBuildFile; fileRef = E83453101E3B9E9700174774 /* timeval_any.swift */; };
		E83453151E3B9F1F00174774 /* leftpad_module.swift in Sources */ = {isa = PBXBuildFile; fileRef = E83453131E3B9F1F00174774 /* leftpad_module.swift */; };
		E85190741E3807FE0011F91F /* ZzApache.c in Sources */ = {isa = PBXBuildFile; fileRef = E85190721E3807FE0011F91F /* ZzApache.c */; };
		E85190751E3807FE0011F91F /* ZzApache.h in Headers */ = {isa = PBXBuildFile; fileRef = E85190731E3807FE0011F91F /* ZzApache.h */; };
		E8529C821E37D281005822BD /* mod_swift.c in Sources */ = {isa = PBXBuildFile; fileRef = E8529C811E37D281005822BD /* mod_swift.c */; };
		E86219741E38CE3A00286FD1 /* RequestInfoHandler.swift in Sources */ = {isa = PBXBuildFile; fileRef = E86219731E38CE3A00286FD1 /* RequestInfoHandler.swift */; };
		E86219871E38E53700286FD1 /* Helpers.swift in Sources */ = {isa = PBXBuildFile; fileRef = E86219801E38E53700286FD1 /* Helpers.swift */; };
		E86219881E38E53700286FD1 /* HTMLEscape.swift in Sources */ = {isa = PBXBuildFile; fileRef = E86219811E38E53700286FD1 /* HTMLEscape.swift */; };
		E86219891E38E53700286FD1 /* MustacheNode.swift in Sources */ = {isa = PBXBuildFile; fileRef = E86219821E38E53700286FD1 /* MustacheNode.swift */; };
		E862198A1E38E53700286FD1 /* MustacheParser.swift in Sources */ = {isa = PBXBuildFile; fileRef = E86219831E38E53700286FD1 /* MustacheParser.swift */; };
		E862198B1E38E53700286FD1 /* MustacheRenderingContext.swift in Sources */ = {isa = PBXBuildFile; fileRef = E86219841E38E53700286FD1 /* MustacheRenderingContext.swift */; };
		E862198D1E38E53700286FD1 /* SimpleKVC.swift in Sources */ = {isa = PBXBuildFile; fileRef = E86219861E38E53700286FD1 /* SimpleKVC.swift */; };
		E862198E1E38E58C00286FD1 /* libmustache.dylib in Frameworks */ = {isa = PBXBuildFile; fileRef = E862197B1E38E50F00286FD1 /* libmustache.dylib */; };
		E86AA5F91E3D8008003F6A97 /* QueryString.swift in Sources */ = {isa = PBXBuildFile; fileRef = E86AA5F81E3D8008003F6A97 /* QueryString.swift */; };
		E86AA5FB1E3D801F003F6A97 /* BodyParser.swift in Sources */ = {isa = PBXBuildFile; fileRef = E86AA5FA1E3D801F003F6A97 /* BodyParser.swift */; };
		E86B394D1E3A3D970044CE55 /* MessageBase.swift in Sources */ = {isa = PBXBuildFile; fileRef = E86B394C1E3A3D970044CE55 /* MessageBase.swift */; };
		E86B39501E3A3E9D0044CE55 /* WritableStreams.swift in Sources */ = {isa = PBXBuildFile; fileRef = E86B394F1E3A3E9D0044CE55 /* WritableStreams.swift */; };
		E86CE8181E38EE0D005C79AF /* MustacheHandler.swift in Sources */ = {isa = PBXBuildFile; fileRef = E86CE8171E38EE0D005C79AF /* MustacheHandler.swift */; };
		E89BF50D1E38C7BC00789982 /* mods_demo.swift in Sources */ = {isa = PBXBuildFile; fileRef = E89BF50B1E38C7BC00789982 /* mods_demo.swift */; };
		E89BF50E1E38C7BC00789982 /* APIExtensions.swift in Sources */ = {isa = PBXBuildFile; fileRef = E89BF50C1E38C7BC00789982 /* APIExtensions.swift */; };
		E89DE5FD1E3A44A1009D1890 /* Server.swift in Sources */ = {isa = PBXBuildFile; fileRef = E89DE5FC1E3A44A1009D1890 /* Server.swift */; };
		E89DE6001E3A4773009D1890 /* ExpressMain.swift in Sources */ = {isa = PBXBuildFile; fileRef = E89DE5FF1E3A4773009D1890 /* ExpressMain.swift */; };
		E89DE6041E3A4CDC009D1890 /* Console.swift in Sources */ = {isa = PBXBuildFile; fileRef = E89DE6021E3A4CDC009D1890 /* Console.swift */; };
		E89DE6051E3A4CDC009D1890 /* console_module.swift in Sources */ = {isa = PBXBuildFile; fileRef = E89DE6031E3A4CDC009D1890 /* console_module.swift */; };
		E89DE6081E3A5362009D1890 /* ApacheConsole.swift in Sources */ = {isa = PBXBuildFile; fileRef = E89DE6071E3A5362009D1890 /* ApacheConsole.swift */; };
		E89DE60C1E3A67E5009D1890 /* Connect.swift in Sources */ = {isa = PBXBuildFile; fileRef = E89DE60A1E3A67E5009D1890 /* Connect.swift */; };
		E89DE60D1E3A67E5009D1890 /* connect_module.swift in Sources */ = {isa = PBXBuildFile; fileRef = E89DE60B1E3A67E5009D1890 /* connect_module.swift */; };
		E89DE61E1E3A6DDE009D1890 /* cows.swift in Sources */ = {isa = PBXBuildFile; fileRef = E89DE6171E3A6DDE009D1890 /* cows.swift */; };
		E89DE61F1E3A6DDE009D1890 /* cows_module.swift in Sources */ = {isa = PBXBuildFile; fileRef = E89DE61B1E3A6DDE009D1890 /* cows_module.swift */; };
		E89DE6211E3A6DDE009D1890 /* UniqueRandomArray.swift in Sources */ = {isa = PBXBuildFile; fileRef = E89DE61D1E3A6DDE009D1890 /* UniqueRandomArray.swift */; };
		E89DE6241E3A6E81009D1890 /* libcows.dylib in Frameworks */ = {isa = PBXBuildFile; fileRef = E89DE6121E3A6DA8009D1890 /* libcows.dylib */; };
		E89DE63C1E3A70E2009D1890 /* JSON.swift in Sources */ = {isa = PBXBuildFile; fileRef = E89DE6311E3A70E2009D1890 /* JSON.swift */; };
		E89DE63D1E3A70E2009D1890 /* JSONDecodable.swift in Sources */ = {isa = PBXBuildFile; fileRef = E89DE6321E3A70E2009D1890 /* JSONDecodable.swift */; };
		E89DE63E1E3A70E2009D1890 /* JSONEncodable.swift in Sources */ = {isa = PBXBuildFile; fileRef = E89DE6331E3A70E2009D1890 /* JSONEncodable.swift */; };
		E89DE63F1E3A70E2009D1890 /* JSONEncodingDetector.swift in Sources */ = {isa = PBXBuildFile; fileRef = E89DE6341E3A70E2009D1890 /* JSONEncodingDetector.swift */; };
		E89DE6401E3A70E2009D1890 /* JSONLiteralConvertible.swift in Sources */ = {isa = PBXBuildFile; fileRef = E89DE6351E3A70E2009D1890 /* JSONLiteralConvertible.swift */; };
		E89DE6411E3A70E2009D1890 /* JSONParser.swift in Sources */ = {isa = PBXBuildFile; fileRef = E89DE6361E3A70E2009D1890 /* JSONParser.swift */; };
		E89DE6421E3A70E2009D1890 /* JSONSubscripting.swift in Sources */ = {isa = PBXBuildFile; fileRef = E89DE6371E3A70E2009D1890 /* JSONSubscripting.swift */; };
		E89DE6441E3A70E2009D1890 /* Swift3.swift in Sources */ = {isa = PBXBuildFile; fileRef = E89DE63A1E3A70E2009D1890 /* Swift3.swift */; };
		E89DE64C1E3A730C009D1890 /* CORS.swift in Sources */ = {isa = PBXBuildFile; fileRef = E89DE6481E3A730C009D1890 /* CORS.swift */; };
		E89DE64D1E3A730C009D1890 /* MethodOverride.swift in Sources */ = {isa = PBXBuildFile; fileRef = E89DE6491E3A730C009D1890 /* MethodOverride.swift */; };
		E89DE64E1E3A730C009D1890 /* Pause.swift in Sources */ = {isa = PBXBuildFile; fileRef = E89DE64A1E3A730C009D1890 /* Pause.swift */; };
		E89DE64F1E3A730C009D1890 /* Session.swift in Sources */ = {isa = PBXBuildFile; fileRef = E89DE64B1E3A730C009D1890 /* Session.swift */; };
		E89DE6511E3A7312009D1890 /* TypeIs.swift in Sources */ = {isa = PBXBuildFile; fileRef = E89DE6501E3A7312009D1890 /* TypeIs.swift */; };
		E89DE6531E3A7575009D1890 /* Cookies.swift in Sources */ = {isa = PBXBuildFile; fileRef = E89DE6521E3A7575009D1890 /* Cookies.swift */; };
		E89DE6551E3A762C009D1890 /* HttpMisc.swift in Sources */ = {isa = PBXBuildFile; fileRef = E89DE6541E3A762C009D1890 /* HttpMisc.swift */; };
		E89DE6581E3A79CA009D1890 /* time.swift in Sources */ = {isa = PBXBuildFile; fileRef = E89DE6571E3A79CA009D1890 /* time.swift */; };
		E89DE65F1E3A7C2A009D1890 /* JsonFile.swift in Sources */ = {isa = PBXBuildFile; fileRef = E89DE65A1E3A7C2A009D1890 /* JsonFile.swift */; };
		E89DE6601E3A7C2A009D1890 /* JSONWritableStream.swift in Sources */ = {isa = PBXBuildFile; fileRef = E89DE65B1E3A7C2A009D1890 /* JSONWritableStream.swift */; };
		E89DE6611E3A7C2A009D1890 /* json_module.swift in Sources */ = {isa = PBXBuildFile; fileRef = E89DE65C1E3A7C2A009D1890 /* json_module.swift */; };
		E89DE6631E3A7C2A009D1890 /* Stringify.swift in Sources */ = {isa = PBXBuildFile; fileRef = E89DE65E1E3A7C2A009D1890 /* Stringify.swift */; };
		E89DE6661E3A7C75009D1890 /* fs_module.swift in Sources */ = {isa = PBXBuildFile; fileRef = E89DE6651E3A7C75009D1890 /* fs_module.swift */; };
		E89DE6671E3A8023009D1890 /* libFreddy.dylib in Frameworks */ = {isa = PBXBuildFile; fileRef = E89DE62A1E3A7079009D1890 /* libFreddy.dylib */; };
		E89DE6781E3A8814009D1890 /* Express.swift in Sources */ = {isa = PBXBuildFile; fileRef = E89DE66B1E3A8814009D1890 /* Express.swift */; };
		E89DE6791E3A8814009D1890 /* ExpressIncomingMessage.swift in Sources */ = {isa = PBXBuildFile; fileRef = E89DE66C1E3A8814009D1890 /* ExpressIncomingMessage.swift */; };
		E89DE67A1E3A8814009D1890 /* ExpressJSON.swift in Sources */ = {isa = PBXBuildFile; fileRef = E89DE66D1E3A8814009D1890 /* ExpressJSON.swift */; };
		E89DE67B1E3A8814009D1890 /* MiddlewareObject.swift in Sources */ = {isa = PBXBuildFile; fileRef = E89DE66E1E3A8814009D1890 /* MiddlewareObject.swift */; };
		E89DE67C1E3A8814009D1890 /* express_module.swift in Sources */ = {isa = PBXBuildFile; fileRef = E89DE66F1E3A8814009D1890 /* express_module.swift */; };
		E89DE67D1E3A8814009D1890 /* ExpressMustache.swift in Sources */ = {isa = PBXBuildFile; fileRef = E89DE6701E3A8814009D1890 /* ExpressMustache.swift */; };
		E89DE67F1E3A8814009D1890 /* Render.swift in Sources */ = {isa = PBXBuildFile; fileRef = E89DE6721E3A8814009D1890 /* Render.swift */; };
		E89DE6801E3A8814009D1890 /* Route.swift in Sources */ = {isa = PBXBuildFile; fileRef = E89DE6731E3A8814009D1890 /* Route.swift */; };
		E89DE6811E3A8814009D1890 /* RouteKeeper.swift in Sources */ = {isa = PBXBuildFile; fileRef = E89DE6741E3A8814009D1890 /* RouteKeeper.swift */; };
		E89DE6821E3A8814009D1890 /* Router.swift in Sources */ = {isa = PBXBuildFile; fileRef = E89DE6751E3A8814009D1890 /* Router.swift */; };
		E89DE6831E3A8814009D1890 /* ExpressServerResponse.swift in Sources */ = {isa = PBXBuildFile; fileRef = E89DE6761E3A8814009D1890 /* ExpressServerResponse.swift */; };
		E89DE6841E3A8814009D1890 /* Settings.swift in Sources */ = {isa = PBXBuildFile; fileRef = E89DE6771E3A8814009D1890 /* Settings.swift */; };
		E89DE6861E3A8CDB009D1890 /* URL.swift in Sources */ = {isa = PBXBuildFile; fileRef = E89DE6851E3A8CDB009D1890 /* URL.swift */; };
		E89DE6891E3A8EB7009D1890 /* process_module.swift in Sources */ = {isa = PBXBuildFile; fileRef = E89DE6881E3A8EB7009D1890 /* process_module.swift */; };
		E8F4F5A21E3A2E0F00EF24B4 /* IncomingMessage.swift in Sources */ = {isa = PBXBuildFile; fileRef = E8F4F5A01E3A2E0F00EF24B4 /* IncomingMessage.swift */; };
		E8F4F5A31E3A2E0F00EF24B4 /* ServerResponse.swift in Sources */ = {isa = PBXBuildFile; fileRef = E8F4F5A11E3A2E0F00EF24B4 /* ServerResponse.swift */; };
		E8F4F5A51E3A2E3F00EF24B4 /* http_module.swift in Sources */ = {isa = PBXBuildFile; fileRef = E8F4F5A41E3A2E3F00EF24B4 /* http_module.swift */; };
		E8F4F5A71E3A2E5000EF24B4 /* TinyExpressHandler.swift in Sources */ = {isa = PBXBuildFile; fileRef = E8F4F5A61E3A2E5000EF24B4 /* TinyExpressHandler.swift */; };
/* End PBXBuildFile section */

/* Begin PBXContainerItemProxy section */
		E8484DAB1E380C4800A5CFCE /* PBXContainerItemProxy */ = {
			isa = PBXContainerItemProxy;
			containerPortal = E800D05711EA98A2009CA003 /* Project object */;
			proxyType = 1;
			remoteGlobalIDString = E8529C7A1E37D18A005822BD;
			remoteInfo = mod_swift;
		};
		E862198F1E38E59A00286FD1 /* PBXContainerItemProxy */ = {
			isa = PBXContainerItemProxy;
			containerPortal = E800D05711EA98A2009CA003 /* Project object */;
			proxyType = 1;
			remoteGlobalIDString = E862197A1E38E50F00286FD1;
			remoteInfo = mustache;
		};
		E89DE6221E3A6E7C009D1890 /* PBXContainerItemProxy */ = {
			isa = PBXContainerItemProxy;
			containerPortal = E800D05711EA98A2009CA003 /* Project object */;
			proxyType = 1;
			remoteGlobalIDString = E89DE6111E3A6DA8009D1890;
			remoteInfo = cows;
		};
		E89DE6451E3A7111009D1890 /* PBXContainerItemProxy */ = {
			isa = PBXContainerItemProxy;
			containerPortal = E800D05711EA98A2009CA003 /* Project object */;
			proxyType = 1;
			remoteGlobalIDString = E89DE6291E3A7079009D1890;
			remoteInfo = Freddy;
		};
/* End PBXContainerItemProxy section */

/* Begin PBXFileReference section */
		E81606A01E36411A0097BBA6 /* apache.conf */ = {isa = PBXFileReference; lastKnownFileType = text; path = apache.conf; sourceTree = "<group>"; };
		E83453091E3B7D8600174774 /* views */ = {isa = PBXFileReference; lastKnownFileType = folder; path = views; sourceTree = "<group>"; };
		E834530A1E3B9E0300174774 /* CookieParser.swift */ = {isa = PBXFileReference; fileEncoding = 4; lastKnownFileType = sourcecode.swift; path = CookieParser.swift; sourceTree = "<group>"; };
		E834530C1E3B9E2600174774 /* Logger.swift */ = {isa = PBXFileReference; fileEncoding = 4; lastKnownFileType = sourcecode.swift; path = Logger.swift; sourceTree = "<group>"; };
		E834530E1E3B9E6100174774 /* timespec.swift */ = {isa = PBXFileReference; fileEncoding = 4; lastKnownFileType = sourcecode.swift; path = timespec.swift; sourceTree = "<group>"; };
		E83453101E3B9E9700174774 /* timeval_any.swift */ = {isa = PBXFileReference; fileEncoding = 4; lastKnownFileType = sourcecode.swift; path = timeval_any.swift; sourceTree = "<group>"; };
		E83453131E3B9F1F00174774 /* leftpad_module.swift */ = {isa = PBXFileReference; fileEncoding = 4; lastKnownFileType = sourcecode.swift; path = leftpad_module.swift; sourceTree = "<group>"; };
		E83453141E3B9F1F00174774 /* README.md */ = {isa = PBXFileReference; fileEncoding = 4; lastKnownFileType = net.daringfireball.markdown; path = README.md; sourceTree = "<group>"; };
		E83C01A51E39069500B05D41 /* LICENSE */ = {isa = PBXFileReference; lastKnownFileType = text; path = LICENSE; sourceTree = "<group>"; };
		E85190721E3807FE0011F91F /* ZzApache.c */ = {isa = PBXFileReference; fileEncoding = 4; lastKnownFileType = sourcecode.c.c; name = ZzApache.c; path = Sources/mod_swift/ZzApache.c; sourceTree = "<group>"; };
		E85190731E3807FE0011F91F /* ZzApache.h */ = {isa = PBXFileReference; fileEncoding = 4; lastKnownFileType = sourcecode.c.h; name = ZzApache.h; path = Sources/mod_swift/ZzApache.h; sourceTree = "<group>"; };
		E8529C7B1E37D18A005822BD /* mod_swift.so */ = {isa = PBXFileReference; explicitFileType = "compiled.mach-o.dylib"; includeInIndex = 0; path = mod_swift.so; sourceTree = BUILT_PRODUCTS_DIR; };
		E8529C7F1E37D1A6005822BD /* ApacheCModule.xcconfig */ = {isa = PBXFileReference; lastKnownFileType = text.xcconfig; name = ApacheCModule.xcconfig; path = xcconfig/ApacheCModule.xcconfig; sourceTree = "<group>"; };
		E8529C811E37D281005822BD /* mod_swift.c */ = {isa = PBXFileReference; fileEncoding = 4; lastKnownFileType = sourcecode.c.c; name = mod_swift.c; path = Sources/mod_swift/mod_swift.c; sourceTree = "<group>"; };
		E86219731E38CE3A00286FD1 /* RequestInfoHandler.swift */ = {isa = PBXFileReference; fileEncoding = 4; lastKnownFileType = sourcecode.swift; path = RequestInfoHandler.swift; sourceTree = "<group>"; };
		E862197B1E38E50F00286FD1 /* libmustache.dylib */ = {isa = PBXFileReference; explicitFileType = "compiled.mach-o.dylib"; includeInIndex = 0; path = libmustache.dylib; sourceTree = BUILT_PRODUCTS_DIR; };
		E86219801E38E53700286FD1 /* Helpers.swift */ = {isa = PBXFileReference; fileEncoding = 4; lastKnownFileType = sourcecode.swift; path = Helpers.swift; sourceTree = "<group>"; };
		E86219811E38E53700286FD1 /* HTMLEscape.swift */ = {isa = PBXFileReference; fileEncoding = 4; lastKnownFileType = sourcecode.swift; path = HTMLEscape.swift; sourceTree = "<group>"; };
		E86219821E38E53700286FD1 /* MustacheNode.swift */ = {isa = PBXFileReference; fileEncoding = 4; lastKnownFileType = sourcecode.swift; path = MustacheNode.swift; sourceTree = "<group>"; };
		E86219831E38E53700286FD1 /* MustacheParser.swift */ = {isa = PBXFileReference; fileEncoding = 4; lastKnownFileType = sourcecode.swift; path = MustacheParser.swift; sourceTree = "<group>"; };
		E86219841E38E53700286FD1 /* MustacheRenderingContext.swift */ = {isa = PBXFileReference; fileEncoding = 4; lastKnownFileType = sourcecode.swift; path = MustacheRenderingContext.swift; sourceTree = "<group>"; };
		E86219851E38E53700286FD1 /* README.md */ = {isa = PBXFileReference; fileEncoding = 4; lastKnownFileType = net.daringfireball.markdown; path = README.md; sourceTree = "<group>"; };
		E86219861E38E53700286FD1 /* SimpleKVC.swift */ = {isa = PBXFileReference; fileEncoding = 4; lastKnownFileType = sourcecode.swift; path = SimpleKVC.swift; sourceTree = "<group>"; };
		E869AC051E38C83100A35CE7 /* Base.xcconfig */ = {isa = PBXFileReference; lastKnownFileType = text.xcconfig; name = Base.xcconfig; path = xcconfig/Base.xcconfig; sourceTree = "<group>"; };
		E86AA5F81E3D8008003F6A97 /* QueryString.swift */ = {isa = PBXFileReference; fileEncoding = 4; lastKnownFileType = sourcecode.swift; path = QueryString.swift; sourceTree = "<group>"; };
		E86AA5FA1E3D801F003F6A97 /* BodyParser.swift */ = {isa = PBXFileReference; fileEncoding = 4; lastKnownFileType = sourcecode.swift; path = BodyParser.swift; sourceTree = "<group>"; };
		E86B394C1E3A3D970044CE55 /* MessageBase.swift */ = {isa = PBXFileReference; fileEncoding = 4; lastKnownFileType = sourcecode.swift; path = MessageBase.swift; sourceTree = "<group>"; };
		E86B394F1E3A3E9D0044CE55 /* WritableStreams.swift */ = {isa = PBXFileReference; fileEncoding = 4; indentWidth = 2; lastKnownFileType = sourcecode.swift; path = WritableStreams.swift; sourceTree = "<group>"; };
		E86CE8171E38EE0D005C79AF /* MustacheHandler.swift */ = {isa = PBXFileReference; fileEncoding = 4; lastKnownFileType = sourcecode.swift; path = MustacheHandler.swift; sourceTree = "<group>"; };
		E876A9601E36349800B81666 /* mods_demo.so */ = {isa = PBXFileReference; explicitFileType = "compiled.mach-o.dylib"; includeInIndex = 0; path = mods_demo.so; sourceTree = BUILT_PRODUCTS_DIR; };
		E876A9661E3634B500B81666 /* ApacheSwiftModule.xcconfig */ = {isa = PBXFileReference; lastKnownFileType = text.xcconfig; name = ApacheSwiftModule.xcconfig; path = xcconfig/ApacheSwiftModule.xcconfig; sourceTree = "<group>"; };
		E89BF50B1E38C7BC00789982 /* mods_demo.swift */ = {isa = PBXFileReference; fileEncoding = 4; lastKnownFileType = sourcecode.swift; path = mods_demo.swift; sourceTree = "<group>"; };
		E89BF50C1E38C7BC00789982 /* APIExtensions.swift */ = {isa = PBXFileReference; fileEncoding = 4; lastKnownFileType = sourcecode.swift; path = APIExtensions.swift; sourceTree = "<group>"; };
		E89DE5FC1E3A44A1009D1890 /* Server.swift */ = {isa = PBXFileReference; fileEncoding = 4; lastKnownFileType = sourcecode.swift; path = Server.swift; sourceTree = "<group>"; };
		E89DE5FF1E3A4773009D1890 /* ExpressMain.swift */ = {isa = PBXFileReference; fileEncoding = 4; lastKnownFileType = sourcecode.swift; path = ExpressMain.swift; sourceTree = "<group>"; };
		E89DE6021E3A4CDC009D1890 /* Console.swift */ = {isa = PBXFileReference; fileEncoding = 4; lastKnownFileType = sourcecode.swift; path = Console.swift; sourceTree = "<group>"; };
		E89DE6031E3A4CDC009D1890 /* console_module.swift */ = {isa = PBXFileReference; fileEncoding = 4; lastKnownFileType = sourcecode.swift; path = console_module.swift; sourceTree = "<group>"; };
		E89DE6061E3A4CFF009D1890 /* README.md */ = {isa = PBXFileReference; lastKnownFileType = net.daringfireball.markdown; path = README.md; sourceTree = "<group>"; };
		E89DE6071E3A5362009D1890 /* ApacheConsole.swift */ = {isa = PBXFileReference; fileEncoding = 4; lastKnownFileType = sourcecode.swift; path = ApacheConsole.swift; sourceTree = "<group>"; };
		E89DE60A1E3A67E5009D1890 /* Connect.swift */ = {isa = PBXFileReference; fileEncoding = 4; lastKnownFileType = sourcecode.swift; path = Connect.swift; sourceTree = "<group>"; };
		E89DE60B1E3A67E5009D1890 /* connect_module.swift */ = {isa = PBXFileReference; fileEncoding = 4; lastKnownFileType = sourcecode.swift; path = connect_module.swift; sourceTree = "<group>"; };
		E89DE6121E3A6DA8009D1890 /* libcows.dylib */ = {isa = PBXFileReference; explicitFileType = "compiled.mach-o.dylib"; includeInIndex = 0; path = libcows.dylib; sourceTree = BUILT_PRODUCTS_DIR; };
		E89DE6171E3A6DDE009D1890 /* cows.swift */ = {isa = PBXFileReference; fileEncoding = 4; lastKnownFileType = sourcecode.swift; path = cows.swift; sourceTree = "<group>"; };
		E89DE6181E3A6DDE009D1890 /* cows.txt */ = {isa = PBXFileReference; fileEncoding = 4; lastKnownFileType = text; path = cows.txt; sourceTree = "<group>"; };
		E89DE61A1E3A6DDE009D1890 /* LICENSE-MIT */ = {isa = PBXFileReference; fileEncoding = 4; lastKnownFileType = text; path = "LICENSE-MIT"; sourceTree = "<group>"; };
		E89DE61B1E3A6DDE009D1890 /* cows_module.swift */ = {isa = PBXFileReference; fileEncoding = 4; lastKnownFileType = sourcecode.swift; path = cows_module.swift; sourceTree = "<group>"; };
		E89DE61C1E3A6DDE009D1890 /* README.md */ = {isa = PBXFileReference; fileEncoding = 4; lastKnownFileType = net.daringfireball.markdown; path = README.md; sourceTree = "<group>"; };
		E89DE61D1E3A6DDE009D1890 /* UniqueRandomArray.swift */ = {isa = PBXFileReference; fileEncoding = 4; lastKnownFileType = sourcecode.swift; path = UniqueRandomArray.swift; sourceTree = "<group>"; };
		E89DE62A1E3A7079009D1890 /* libFreddy.dylib */ = {isa = PBXFileReference; explicitFileType = "compiled.mach-o.dylib"; includeInIndex = 0; path = libFreddy.dylib; sourceTree = BUILT_PRODUCTS_DIR; };
		E89DE62F1E3A70E2009D1890 /* CONTRIBUTING.md */ = {isa = PBXFileReference; fileEncoding = 4; lastKnownFileType = net.daringfireball.markdown; path = CONTRIBUTING.md; sourceTree = "<group>"; };
		E89DE6311E3A70E2009D1890 /* JSON.swift */ = {isa = PBXFileReference; fileEncoding = 4; lastKnownFileType = sourcecode.swift; path = JSON.swift; sourceTree = "<group>"; };
		E89DE6321E3A70E2009D1890 /* JSONDecodable.swift */ = {isa = PBXFileReference; fileEncoding = 4; lastKnownFileType = sourcecode.swift; path = JSONDecodable.swift; sourceTree = "<group>"; };
		E89DE6331E3A70E2009D1890 /* JSONEncodable.swift */ = {isa = PBXFileReference; fileEncoding = 4; lastKnownFileType = sourcecode.swift; path = JSONEncodable.swift; sourceTree = "<group>"; };
		E89DE6341E3A70E2009D1890 /* JSONEncodingDetector.swift */ = {isa = PBXFileReference; fileEncoding = 4; lastKnownFileType = sourcecode.swift; path = JSONEncodingDetector.swift; sourceTree = "<group>"; };
		E89DE6351E3A70E2009D1890 /* JSONLiteralConvertible.swift */ = {isa = PBXFileReference; fileEncoding = 4; lastKnownFileType = sourcecode.swift; path = JSONLiteralConvertible.swift; sourceTree = "<group>"; };
		E89DE6361E3A70E2009D1890 /* JSONParser.swift */ = {isa = PBXFileReference; fileEncoding = 4; lastKnownFileType = sourcecode.swift; path = JSONParser.swift; sourceTree = "<group>"; };
		E89DE6371E3A70E2009D1890 /* JSONSubscripting.swift */ = {isa = PBXFileReference; fileEncoding = 4; lastKnownFileType = sourcecode.swift; path = JSONSubscripting.swift; sourceTree = "<group>"; };
		E89DE6381E3A70E2009D1890 /* LICENSE */ = {isa = PBXFileReference; fileEncoding = 4; lastKnownFileType = text; path = LICENSE; sourceTree = "<group>"; };
		E89DE6391E3A70E2009D1890 /* README.md */ = {isa = PBXFileReference; fileEncoding = 4; lastKnownFileType = net.daringfireball.markdown; path = README.md; sourceTree = "<group>"; };
		E89DE63A1E3A70E2009D1890 /* Swift3.swift */ = {isa = PBXFileReference; fileEncoding = 4; lastKnownFileType = sourcecode.swift; path = Swift3.swift; sourceTree = "<group>"; };
		E89DE6481E3A730C009D1890 /* CORS.swift */ = {isa = PBXFileReference; fileEncoding = 4; lastKnownFileType = sourcecode.swift; path = CORS.swift; sourceTree = "<group>"; };
		E89DE6491E3A730C009D1890 /* MethodOverride.swift */ = {isa = PBXFileReference; fileEncoding = 4; lastKnownFileType = sourcecode.swift; path = MethodOverride.swift; sourceTree = "<group>"; };
		E89DE64A1E3A730C009D1890 /* Pause.swift */ = {isa = PBXFileReference; fileEncoding = 4; lastKnownFileType = sourcecode.swift; path = Pause.swift; sourceTree = "<group>"; };
		E89DE64B1E3A730C009D1890 /* Session.swift */ = {isa = PBXFileReference; fileEncoding = 4; lastKnownFileType = sourcecode.swift; path = Session.swift; sourceTree = "<group>"; };
		E89DE6501E3A7312009D1890 /* TypeIs.swift */ = {isa = PBXFileReference; fileEncoding = 4; lastKnownFileType = sourcecode.swift; path = TypeIs.swift; sourceTree = "<group>"; };
		E89DE6521E3A7575009D1890 /* Cookies.swift */ = {isa = PBXFileReference; fileEncoding = 4; lastKnownFileType = sourcecode.swift; path = Cookies.swift; sourceTree = "<group>"; };
		E89DE6541E3A762C009D1890 /* HttpMisc.swift */ = {isa = PBXFileReference; fileEncoding = 4; lastKnownFileType = sourcecode.swift; path = HttpMisc.swift; sourceTree = "<group>"; };
		E89DE6571E3A79CA009D1890 /* time.swift */ = {isa = PBXFileReference; fileEncoding = 4; lastKnownFileType = sourcecode.swift; path = time.swift; sourceTree = "<group>"; };
		E89DE65A1E3A7C2A009D1890 /* JsonFile.swift */ = {isa = PBXFileReference; fileEncoding = 4; lastKnownFileType = sourcecode.swift; path = JsonFile.swift; sourceTree = "<group>"; };
		E89DE65B1E3A7C2A009D1890 /* JSONWritableStream.swift */ = {isa = PBXFileReference; fileEncoding = 4; lastKnownFileType = sourcecode.swift; path = JSONWritableStream.swift; sourceTree = "<group>"; };
		E89DE65C1E3A7C2A009D1890 /* json_module.swift */ = {isa = PBXFileReference; fileEncoding = 4; lastKnownFileType = sourcecode.swift; path = json_module.swift; sourceTree = "<group>"; };
		E89DE65D1E3A7C2A009D1890 /* README.md */ = {isa = PBXFileReference; fileEncoding = 4; lastKnownFileType = net.daringfireball.markdown; path = README.md; sourceTree = "<group>"; };
		E89DE65E1E3A7C2A009D1890 /* Stringify.swift */ = {isa = PBXFileReference; fileEncoding = 4; lastKnownFileType = sourcecode.swift; path = Stringify.swift; sourceTree = "<group>"; };
		E89DE6651E3A7C75009D1890 /* fs_module.swift */ = {isa = PBXFileReference; fileEncoding = 4; lastKnownFileType = sourcecode.swift; path = fs_module.swift; sourceTree = "<group>"; };
		E89DE66B1E3A8814009D1890 /* Express.swift */ = {isa = PBXFileReference; fileEncoding = 4; lastKnownFileType = sourcecode.swift; path = Express.swift; sourceTree = "<group>"; };
		E89DE66C1E3A8814009D1890 /* ExpressIncomingMessage.swift */ = {isa = PBXFileReference; fileEncoding = 4; lastKnownFileType = sourcecode.swift; path = ExpressIncomingMessage.swift; sourceTree = "<group>"; };
		E89DE66D1E3A8814009D1890 /* ExpressJSON.swift */ = {isa = PBXFileReference; fileEncoding = 4; lastKnownFileType = sourcecode.swift; path = ExpressJSON.swift; sourceTree = "<group>"; };
		E89DE66E1E3A8814009D1890 /* MiddlewareObject.swift */ = {isa = PBXFileReference; fileEncoding = 4; lastKnownFileType = sourcecode.swift; path = MiddlewareObject.swift; sourceTree = "<group>"; };
		E89DE66F1E3A8814009D1890 /* express_module.swift */ = {isa = PBXFileReference; fileEncoding = 4; lastKnownFileType = sourcecode.swift; path = express_module.swift; sourceTree = "<group>"; };
		E89DE6701E3A8814009D1890 /* ExpressMustache.swift */ = {isa = PBXFileReference; fileEncoding = 4; lastKnownFileType = sourcecode.swift; path = ExpressMustache.swift; sourceTree = "<group>"; };
		E89DE6711E3A8814009D1890 /* README.md */ = {isa = PBXFileReference; fileEncoding = 4; lastKnownFileType = net.daringfireball.markdown; path = README.md; sourceTree = "<group>"; };
		E89DE6721E3A8814009D1890 /* Render.swift */ = {isa = PBXFileReference; fileEncoding = 4; lastKnownFileType = sourcecode.swift; path = Render.swift; sourceTree = "<group>"; };
		E89DE6731E3A8814009D1890 /* Route.swift */ = {isa = PBXFileReference; fileEncoding = 4; lastKnownFileType = sourcecode.swift; path = Route.swift; sourceTree = "<group>"; };
		E89DE6741E3A8814009D1890 /* RouteKeeper.swift */ = {isa = PBXFileReference; fileEncoding = 4; lastKnownFileType = sourcecode.swift; path = RouteKeeper.swift; sourceTree = "<group>"; };
		E89DE6751E3A8814009D1890 /* Router.swift */ = {isa = PBXFileReference; fileEncoding = 4; lastKnownFileType = sourcecode.swift; path = Router.swift; sourceTree = "<group>"; };
		E89DE6761E3A8814009D1890 /* ExpressServerResponse.swift */ = {isa = PBXFileReference; fileEncoding = 4; lastKnownFileType = sourcecode.swift; path = ExpressServerResponse.swift; sourceTree = "<group>"; };
		E89DE6771E3A8814009D1890 /* Settings.swift */ = {isa = PBXFileReference; fileEncoding = 4; lastKnownFileType = sourcecode.swift; path = Settings.swift; sourceTree = "<group>"; };
		E89DE6851E3A8CDB009D1890 /* URL.swift */ = {isa = PBXFileReference; fileEncoding = 4; lastKnownFileType = sourcecode.swift; path = URL.swift; sourceTree = "<group>"; };
		E89DE6881E3A8EB7009D1890 /* process_module.swift */ = {isa = PBXFileReference; fileEncoding = 4; lastKnownFileType = sourcecode.swift; path = process_module.swift; sourceTree = "<group>"; };
		E8A2A6191E366FAC00B315BA /* module.map */ = {isa = PBXFileReference; lastKnownFileType = "sourcecode.module-map"; path = module.map; sourceTree = "<group>"; };
		E8CDDB1311EAF0D80037981F /* README.md */ = {isa = PBXFileReference; fileEncoding = 4; lastKnownFileType = net.daringfireball.markdown; path = README.md; sourceTree = "<group>"; };
		E8EE1EC51E3774F000B5FBF8 /* DocRoot */ = {isa = PBXFileReference; lastKnownFileType = folder; path = DocRoot; sourceTree = "<group>"; };
		E8F4F5A01E3A2E0F00EF24B4 /* IncomingMessage.swift */ = {isa = PBXFileReference; fileEncoding = 4; lastKnownFileType = sourcecode.swift; path = IncomingMessage.swift; sourceTree = "<group>"; };
		E8F4F5A11E3A2E0F00EF24B4 /* ServerResponse.swift */ = {isa = PBXFileReference; fileEncoding = 4; lastKnownFileType = sourcecode.swift; path = ServerResponse.swift; sourceTree = "<group>"; };
		E8F4F5A41E3A2E3F00EF24B4 /* http_module.swift */ = {isa = PBXFileReference; fileEncoding = 4; lastKnownFileType = sourcecode.swift; path = http_module.swift; sourceTree = "<group>"; };
		E8F4F5A61E3A2E5000EF24B4 /* TinyExpressHandler.swift */ = {isa = PBXFileReference; fileEncoding = 4; lastKnownFileType = sourcecode.swift; path = TinyExpressHandler.swift; sourceTree = "<group>"; };
/* End PBXFileReference section */

/* Begin PBXFrameworksBuildPhase section */
		E8529C781E37D18A005822BD /* Frameworks */ = {
			isa = PBXFrameworksBuildPhase;
			buildActionMask = 2147483647;
			files = (
			);
			runOnlyForDeploymentPostprocessing = 0;
		};
		E86219781E38E50F00286FD1 /* Frameworks */ = {
			isa = PBXFrameworksBuildPhase;
			buildActionMask = 2147483647;
			files = (
			);
			runOnlyForDeploymentPostprocessing = 0;
		};
		E876A95D1E36349800B81666 /* Frameworks */ = {
			isa = PBXFrameworksBuildPhase;
			buildActionMask = 2147483647;
			files = (
				E89DE6241E3A6E81009D1890 /* libcows.dylib in Frameworks */,
				E862198E1E38E58C00286FD1 /* libmustache.dylib in Frameworks */,
				E89DE6671E3A8023009D1890 /* libFreddy.dylib in Frameworks */,
			);
			runOnlyForDeploymentPostprocessing = 0;
		};
		E89DE60F1E3A6DA8009D1890 /* Frameworks */ = {
			isa = PBXFrameworksBuildPhase;
			buildActionMask = 2147483647;
			files = (
			);
			runOnlyForDeploymentPostprocessing = 0;
		};
		E89DE6271E3A7079009D1890 /* Frameworks */ = {
			isa = PBXFrameworksBuildPhase;
			buildActionMask = 2147483647;
			files = (
			);
			runOnlyForDeploymentPostprocessing = 0;
		};
/* End PBXFrameworksBuildPhase section */

/* Begin PBXGroup section */
		E800D05511EA98A2009CA003 = {
			isa = PBXGroup;
			children = (
				E83C01A51E39069500B05D41 /* LICENSE */,
				E8CDDB1311EAF0D80037981F /* README.md */,
				E81606A01E36411A0097BBA6 /* apache.conf */,
				E8EE1EC51E3774F000B5FBF8 /* DocRoot */,
				E83453091E3B7D8600174774 /* views */,
				E86219751E38E47500286FD1 /* Sources */,
				E89DE6251E3A6FC5009D1890 /* Embedded Libraries */,
				E86219761E38E49A00286FD1 /* misc */,
				E876A9611E36349800B81666 /* Products */,
			);
			sourceTree = "<group>";
		};
		E81606A21E3641240097BBA6 /* Build Configuration */ = {
			isa = PBXGroup;
			children = (
				E876A9661E3634B500B81666 /* ApacheSwiftModule.xcconfig */,
				E8529C7F1E37D1A6005822BD /* ApacheCModule.xcconfig */,
				E869AC051E38C83100A35CE7 /* Base.xcconfig */,
			);
			name = "Build Configuration";
			sourceTree = "<group>";
		};
		E83453121E3B9F1F00174774 /* leftpad */ = {
			isa = PBXGroup;
			children = (
				E83453141E3B9F1F00174774 /* README.md */,
				E83453131E3B9F1F00174774 /* leftpad_module.swift */,
			);
			path = leftpad;
			sourceTree = "<group>";
		};
		E8529C801E37D249005822BD /* mod_swift */ = {
			isa = PBXGroup;
			children = (
				E8529C811E37D281005822BD /* mod_swift.c */,
				E85190731E3807FE0011F91F /* ZzApache.h */,
				E85190721E3807FE0011F91F /* ZzApache.c */,
			);
			name = mod_swift;
			sourceTree = "<group>";
		};
		E86219751E38E47500286FD1 /* Sources */ = {
			isa = PBXGroup;
			children = (
				E89BF50A1E38C7BC00789982 /* mods_demo */,
				E8529C801E37D249005822BD /* mod_swift */,
			);
			name = Sources;
			sourceTree = "<group>";
		};
		E86219761E38E49A00286FD1 /* misc */ = {
			isa = PBXGroup;
			children = (
				E81606A21E3641240097BBA6 /* Build Configuration */,
				E8A2A6181E366FAC00B315BA /* Module Maps */,
			);
			name = misc;
			sourceTree = "<group>";
		};
		E862197F1E38E53700286FD1 /* mustache */ = {
			isa = PBXGroup;
			children = (
				E86219851E38E53700286FD1 /* README.md */,
				E86219801E38E53700286FD1 /* Helpers.swift */,
				E86219811E38E53700286FD1 /* HTMLEscape.swift */,
				E86219821E38E53700286FD1 /* MustacheNode.swift */,
				E86219831E38E53700286FD1 /* MustacheParser.swift */,
				E86219841E38E53700286FD1 /* MustacheRenderingContext.swift */,
				E86219861E38E53700286FD1 /* SimpleKVC.swift */,
			);
			name = mustache;
			path = Sources/mustache;
			sourceTree = "<group>";
		};
		E86B394E1E3A3E9D0044CE55 /* streams */ = {
			isa = PBXGroup;
			children = (
				E86B394F1E3A3E9D0044CE55 /* WritableStreams.swift */,
			);
			path = streams;
			sourceTree = "<group>";
		};
		E876A9611E36349800B81666 /* Products */ = {
			isa = PBXGroup;
			children = (
				E876A9601E36349800B81666 /* mods_demo.so */,
				E8529C7B1E37D18A005822BD /* mod_swift.so */,
				E862197B1E38E50F00286FD1 /* libmustache.dylib */,
				E89DE6121E3A6DA8009D1890 /* libcows.dylib */,
				E89DE62A1E3A7079009D1890 /* libFreddy.dylib */,
			);
			name = Products;
			sourceTree = "<group>";
		};
		E89BF50A1E38C7BC00789982 /* mods_demo */ = {
			isa = PBXGroup;
			children = (
				E89DE5FF1E3A4773009D1890 /* ExpressMain.swift */,
				E89BF50B1E38C7BC00789982 /* mods_demo.swift */,
				E89DE5FE1E3A474F009D1890 /* Low Level Demo Handlers */,
				E8F4F5991E3A233E00EF24B4 /* TinyExpress */,
			);
			name = mods_demo;
			path = Sources/mods_demo;
			sourceTree = "<group>";
		};
		E89DE5FE1E3A474F009D1890 /* Low Level Demo Handlers */ = {
			isa = PBXGroup;
			children = (
				E86CE8171E38EE0D005C79AF /* MustacheHandler.swift */,
				E86219731E38CE3A00286FD1 /* RequestInfoHandler.swift */,
				E89BF50C1E38C7BC00789982 /* APIExtensions.swift */,
			);
			name = "Low Level Demo Handlers";
			sourceTree = "<group>";
		};
		E89DE6011E3A4CDC009D1890 /* console */ = {
			isa = PBXGroup;
			children = (
				E89DE6061E3A4CFF009D1890 /* README.md */,
				E89DE6031E3A4CDC009D1890 /* console_module.swift */,
				E89DE6021E3A4CDC009D1890 /* Console.swift */,
				E89DE6071E3A5362009D1890 /* ApacheConsole.swift */,
			);
			path = console;
			sourceTree = "<group>";
		};
		E89DE6091E3A67E5009D1890 /* connect */ = {
			isa = PBXGroup;
			children = (
				E89DE60B1E3A67E5009D1890 /* connect_module.swift */,
				E89DE60A1E3A67E5009D1890 /* Connect.swift */,
				E89DE6471E3A72F9009D1890 /* middleware */,
				E89DE6501E3A7312009D1890 /* TypeIs.swift */,
			);
			path = connect;
			sourceTree = "<group>";
		};
		E89DE6161E3A6DDE009D1890 /* cows */ = {
			isa = PBXGroup;
			children = (
				E89DE61C1E3A6DDE009D1890 /* README.md */,
				E89DE61B1E3A6DDE009D1890 /* cows_module.swift */,
				E89DE6171E3A6DDE009D1890 /* cows.swift */,
				E89DE6181E3A6DDE009D1890 /* cows.txt */,
				E89DE61A1E3A6DDE009D1890 /* LICENSE-MIT */,
				E89DE61D1E3A6DDE009D1890 /* UniqueRandomArray.swift */,
			);
			name = cows;
			path = Sources/cows;
			sourceTree = "<group>";
		};
		E89DE6251E3A6FC5009D1890 /* Embedded Libraries */ = {
			isa = PBXGroup;
			children = (
				E862197F1E38E53700286FD1 /* mustache */,
				E89DE6161E3A6DDE009D1890 /* cows */,
				E89DE62E1E3A70E2009D1890 /* Freddy */,
			);
			name = "Embedded Libraries";
			sourceTree = "<group>";
		};
		E89DE62E1E3A70E2009D1890 /* Freddy */ = {
			isa = PBXGroup;
			children = (
				E89DE6391E3A70E2009D1890 /* README.md */,
				E89DE62F1E3A70E2009D1890 /* CONTRIBUTING.md */,
				E89DE6381E3A70E2009D1890 /* LICENSE */,
				E89DE6311E3A70E2009D1890 /* JSON.swift */,
				E89DE6321E3A70E2009D1890 /* JSONDecodable.swift */,
				E89DE6331E3A70E2009D1890 /* JSONEncodable.swift */,
				E89DE6341E3A70E2009D1890 /* JSONEncodingDetector.swift */,
				E89DE6351E3A70E2009D1890 /* JSONLiteralConvertible.swift */,
				E89DE6361E3A70E2009D1890 /* JSONParser.swift */,
				E89DE6371E3A70E2009D1890 /* JSONSubscripting.swift */,
				E89DE63A1E3A70E2009D1890 /* Swift3.swift */,
			);
			name = Freddy;
			path = Sources/Freddy;
			sourceTree = "<group>";
		};
		E89DE6471E3A72F9009D1890 /* middleware */ = {
			isa = PBXGroup;
			children = (
				E86AA5FA1E3D801F003F6A97 /* BodyParser.swift */,
				E89DE6481E3A730C009D1890 /* CORS.swift */,
				E89DE6491E3A730C009D1890 /* MethodOverride.swift */,
				E834530C1E3B9E2600174774 /* Logger.swift */,
				E89DE64A1E3A730C009D1890 /* Pause.swift */,
				E89DE64B1E3A730C009D1890 /* Session.swift */,
				E834530A1E3B9E0300174774 /* CookieParser.swift */,
			);
			name = middleware;
			sourceTree = "<group>";
		};
		E89DE6561E3A79CA009D1890 /* xsys */ = {
			isa = PBXGroup;
			children = (
				E89DE6571E3A79CA009D1890 /* time.swift */,
				E834530E1E3B9E6100174774 /* timespec.swift */,
				E83453101E3B9E9700174774 /* timeval_any.swift */,
			);
			path = xsys;
			sourceTree = "<group>";
		};
		E89DE6591E3A7C2A009D1890 /* json */ = {
			isa = PBXGroup;
			children = (
				E89DE65D1E3A7C2A009D1890 /* README.md */,
				E89DE65C1E3A7C2A009D1890 /* json_module.swift */,
				E89DE65A1E3A7C2A009D1890 /* JsonFile.swift */,
				E89DE65B1E3A7C2A009D1890 /* JSONWritableStream.swift */,
				E89DE65E1E3A7C2A009D1890 /* Stringify.swift */,
			);
			path = json;
			sourceTree = "<group>";
		};
		E89DE6641E3A7C75009D1890 /* fs */ = {
			isa = PBXGroup;
			children = (
				E89DE6651E3A7C75009D1890 /* fs_module.swift */,
			);
			path = fs;
			sourceTree = "<group>";
		};
		E89DE66A1E3A8814009D1890 /* express */ = {
			isa = PBXGroup;
			children = (
				E89DE6711E3A8814009D1890 /* README.md */,
				E89DE66F1E3A8814009D1890 /* express_module.swift */,
				E89DE66B1E3A8814009D1890 /* Express.swift */,
				E89DE6751E3A8814009D1890 /* Router.swift */,
				E89DE6741E3A8814009D1890 /* RouteKeeper.swift */,
				E89DE6731E3A8814009D1890 /* Route.swift */,
				E89DE6721E3A8814009D1890 /* Render.swift */,
				E89DE6771E3A8814009D1890 /* Settings.swift */,
				E89DE66E1E3A8814009D1890 /* MiddlewareObject.swift */,
				E89DE6701E3A8814009D1890 /* ExpressMustache.swift */,
				E89DE66C1E3A8814009D1890 /* ExpressIncomingMessage.swift */,
				E89DE6761E3A8814009D1890 /* ExpressServerResponse.swift */,
				E89DE66D1E3A8814009D1890 /* ExpressJSON.swift */,
			);
			path = express;
			sourceTree = "<group>";
		};
		E89DE6871E3A8EB7009D1890 /* process */ = {
			isa = PBXGroup;
			children = (
				E89DE6881E3A8EB7009D1890 /* process_module.swift */,
			);
			path = process;
			sourceTree = "<group>";
		};
		E8A2A6181E366FAC00B315BA /* Module Maps */ = {
			isa = PBXGroup;
			children = (
				E8A2A6191E366FAC00B315BA /* module.map */,
			);
			name = "Module Maps";
			path = Apache2;
			sourceTree = "<group>";
		};
		E8F4F5991E3A233E00EF24B4 /* TinyExpress */ = {
			isa = PBXGroup;
			children = (
				E83453121E3B9F1F00174774 /* leftpad */,
				E89DE6561E3A79CA009D1890 /* xsys */,
				E86B394E1E3A3E9D0044CE55 /* streams */,
				E89DE6011E3A4CDC009D1890 /* console */,
				E8F4F59F1E3A2E0F00EF24B4 /* http */,
				E89DE6641E3A7C75009D1890 /* fs */,
				E89DE6871E3A8EB7009D1890 /* process */,
				E89DE6591E3A7C2A009D1890 /* json */,
				E89DE6091E3A67E5009D1890 /* connect */,
				E89DE66A1E3A8814009D1890 /* express */,
			);
			name = TinyExpress;
			path = ../TinyExpress;
			sourceTree = "<group>";
		};
		E8F4F59F1E3A2E0F00EF24B4 /* http */ = {
			isa = PBXGroup;
			children = (
				E8F4F5A41E3A2E3F00EF24B4 /* http_module.swift */,
				E8F4F5A61E3A2E5000EF24B4 /* TinyExpressHandler.swift */,
				E89DE5FC1E3A44A1009D1890 /* Server.swift */,
				E86B394C1E3A3D970044CE55 /* MessageBase.swift */,
				E8F4F5A01E3A2E0F00EF24B4 /* IncomingMessage.swift */,
				E8F4F5A11E3A2E0F00EF24B4 /* ServerResponse.swift */,
				E89DE6521E3A7575009D1890 /* Cookies.swift */,
				E89DE6541E3A762C009D1890 /* HttpMisc.swift */,
				E86AA5F81E3D8008003F6A97 /* QueryString.swift */,
				E89DE6851E3A8CDB009D1890 /* URL.swift */,
			);
			path = http;
			sourceTree = "<group>";
		};
/* End PBXGroup section */

/* Begin PBXHeadersBuildPhase section */
		E8529C791E37D18A005822BD /* Headers */ = {
			isa = PBXHeadersBuildPhase;
			buildActionMask = 2147483647;
			files = (
				E85190751E3807FE0011F91F /* ZzApache.h in Headers */,
			);
			runOnlyForDeploymentPostprocessing = 0;
		};
		E86219791E38E50F00286FD1 /* Headers */ = {
			isa = PBXHeadersBuildPhase;
			buildActionMask = 2147483647;
			files = (
			);
			runOnlyForDeploymentPostprocessing = 0;
		};
		E876A95E1E36349800B81666 /* Headers */ = {
			isa = PBXHeadersBuildPhase;
			buildActionMask = 2147483647;
			files = (
			);
			runOnlyForDeploymentPostprocessing = 0;
		};
		E89DE6101E3A6DA8009D1890 /* Headers */ = {
			isa = PBXHeadersBuildPhase;
			buildActionMask = 2147483647;
			files = (
			);
			runOnlyForDeploymentPostprocessing = 0;
		};
		E89DE6281E3A7079009D1890 /* Headers */ = {
			isa = PBXHeadersBuildPhase;
			buildActionMask = 2147483647;
			files = (
			);
			runOnlyForDeploymentPostprocessing = 0;
		};
/* End PBXHeadersBuildPhase section */

/* Begin PBXNativeTarget section */
		E8529C7A1E37D18A005822BD /* mod_swift */ = {
			isa = PBXNativeTarget;
			buildConfigurationList = E8529C7E1E37D18A005822BD /* Build configuration list for PBXNativeTarget "mod_swift" */;
			buildPhases = (
				E8529C771E37D18A005822BD /* Sources */,
				E8529C781E37D18A005822BD /* Frameworks */,
				E8529C791E37D18A005822BD /* Headers */,
			);
			buildRules = (
			);
			dependencies = (
			);
			name = mod_swift;
			productName = mod_swift;
			productReference = E8529C7B1E37D18A005822BD /* mod_swift.so */;
			productType = "com.apple.product-type.library.dynamic";
		};
		E862197A1E38E50F00286FD1 /* mustache */ = {
			isa = PBXNativeTarget;
			buildConfigurationList = E862197C1E38E50F00286FD1 /* Build configuration list for PBXNativeTarget "mustache" */;
			buildPhases = (
				E86219771E38E50F00286FD1 /* Sources */,
				E86219781E38E50F00286FD1 /* Frameworks */,
				E86219791E38E50F00286FD1 /* Headers */,
			);
			buildRules = (
			);
			dependencies = (
			);
			name = mustache;
			productName = mustache;
			productReference = E862197B1E38E50F00286FD1 /* libmustache.dylib */;
			productType = "com.apple.product-type.library.dynamic";
		};
		E876A95F1E36349800B81666 /* mods_demo */ = {
			isa = PBXNativeTarget;
			buildConfigurationList = E876A9621E36349800B81666 /* Build configuration list for PBXNativeTarget "mods_demo" */;
			buildPhases = (
				E876A95C1E36349800B81666 /* Sources */,
				E876A95D1E36349800B81666 /* Frameworks */,
				E876A95E1E36349800B81666 /* Headers */,
			);
			buildRules = (
			);
			dependencies = (
				E8484DAC1E380C4800A5CFCE /* PBXTargetDependency */,
				E86219901E38E59A00286FD1 /* PBXTargetDependency */,
				E89DE6231E3A6E7C009D1890 /* PBXTargetDependency */,
				E89DE6461E3A7111009D1890 /* PBXTargetDependency */,
			);
			name = mods_demo;
			productName = mod_testxcode;
			productReference = E876A9601E36349800B81666 /* mods_demo.so */;
			productType = "com.apple.product-type.library.dynamic";
		};
		E89DE6111E3A6DA8009D1890 /* cows */ = {
			isa = PBXNativeTarget;
			buildConfigurationList = E89DE6131E3A6DA8009D1890 /* Build configuration list for PBXNativeTarget "cows" */;
			buildPhases = (
				E89DE60E1E3A6DA8009D1890 /* Sources */,
				E89DE60F1E3A6DA8009D1890 /* Frameworks */,
				E89DE6101E3A6DA8009D1890 /* Headers */,
			);
			buildRules = (
			);
			dependencies = (
			);
			name = cows;
			productName = cows;
			productReference = E89DE6121E3A6DA8009D1890 /* libcows.dylib */;
			productType = "com.apple.product-type.library.dynamic";
		};
		E89DE6291E3A7079009D1890 /* Freddy */ = {
			isa = PBXNativeTarget;
			buildConfigurationList = E89DE62B1E3A7079009D1890 /* Build configuration list for PBXNativeTarget "Freddy" */;
			buildPhases = (
				E89DE6261E3A7079009D1890 /* Sources */,
				E89DE6271E3A7079009D1890 /* Frameworks */,
				E89DE6281E3A7079009D1890 /* Headers */,
			);
			buildRules = (
			);
			dependencies = (
			);
			name = Freddy;
			productName = Freddy;
			productReference = E89DE62A1E3A7079009D1890 /* libFreddy.dylib */;
			productType = "com.apple.product-type.library.dynamic";
		};
/* End PBXNativeTarget section */

/* Begin PBXProject section */
		E800D05711EA98A2009CA003 /* Project object */ = {
			isa = PBXProject;
			attributes = {
				LastUpgradeCheck = 0820;
				TargetAttributes = {
					E8529C7A1E37D18A005822BD = {
						CreatedOnToolsVersion = 8.2.1;
						ProvisioningStyle = Automatic;
					};
					E862197A1E38E50F00286FD1 = {
						CreatedOnToolsVersion = 8.2.1;
						ProvisioningStyle = Automatic;
					};
					E876A95F1E36349800B81666 = {
						CreatedOnToolsVersion = 8.2.1;
						DevelopmentTeam = 4GXF3JAMM4;
						LastSwiftMigration = 0820;
						ProvisioningStyle = Automatic;
					};
					E89DE6111E3A6DA8009D1890 = {
						CreatedOnToolsVersion = 8.2.1;
						ProvisioningStyle = Automatic;
					};
					E89DE6291E3A7079009D1890 = {
						CreatedOnToolsVersion = 8.2.1;
						ProvisioningStyle = Automatic;
					};
				};
			};
			buildConfigurationList = E800D05A11EA98A2009CA003 /* Build configuration list for PBXProject "mod_swift" */;
			compatibilityVersion = "Xcode 3.2";
			developmentRegion = English;
			hasScannedForEncodings = 0;
			knownRegions = (
				en,
			);
			mainGroup = E800D05511EA98A2009CA003;
			productRefGroup = E876A9611E36349800B81666 /* Products */;
			projectDirPath = "";
			projectRoot = "";
			targets = (
				E876A95F1E36349800B81666 /* mods_demo */,
				E8529C7A1E37D18A005822BD /* mod_swift */,
				E862197A1E38E50F00286FD1 /* mustache */,
				E89DE6111E3A6DA8009D1890 /* cows */,
				E89DE6291E3A7079009D1890 /* Freddy */,
			);
		};
/* End PBXProject section */

/* Begin PBXSourcesBuildPhase section */
		E8529C771E37D18A005822BD /* Sources */ = {
			isa = PBXSourcesBuildPhase;
			buildActionMask = 2147483647;
			files = (
				E8529C821E37D281005822BD /* mod_swift.c in Sources */,
				E85190741E3807FE0011F91F /* ZzApache.c in Sources */,
			);
			runOnlyForDeploymentPostprocessing = 0;
		};
		E86219771E38E50F00286FD1 /* Sources */ = {
			isa = PBXSourcesBuildPhase;
			buildActionMask = 2147483647;
			files = (
				E86219871E38E53700286FD1 /* Helpers.swift in Sources */,
				E862198D1E38E53700286FD1 /* SimpleKVC.swift in Sources */,
				E86219891E38E53700286FD1 /* MustacheNode.swift in Sources */,
				E862198A1E38E53700286FD1 /* MustacheParser.swift in Sources */,
				E86219881E38E53700286FD1 /* HTMLEscape.swift in Sources */,
				E862198B1E38E53700286FD1 /* MustacheRenderingContext.swift in Sources */,
			);
			runOnlyForDeploymentPostprocessing = 0;
		};
		E876A95C1E36349800B81666 /* Sources */ = {
			isa = PBXSourcesBuildPhase;
			buildActionMask = 2147483647;
			files = (
				E89DE6821E3A8814009D1890 /* Router.swift in Sources */,
				E8F4F5A21E3A2E0F00EF24B4 /* IncomingMessage.swift in Sources */,
				E89DE6631E3A7C2A009D1890 /* Stringify.swift in Sources */,
				E89DE6861E3A8CDB009D1890 /* URL.swift in Sources */,
				E89DE67B1E3A8814009D1890 /* MiddlewareObject.swift in Sources */,
				E89DE6841E3A8814009D1890 /* Settings.swift in Sources */,
				E89DE6661E3A7C75009D1890 /* fs_module.swift in Sources */,
				E86CE8181E38EE0D005C79AF /* MustacheHandler.swift in Sources */,
				E89DE67F1E3A8814009D1890 /* Render.swift in Sources */,
				E834530D1E3B9E2600174774 /* Logger.swift in Sources */,
				E89DE60D1E3A67E5009D1890 /* connect_module.swift in Sources */,
				E89DE6581E3A79CA009D1890 /* time.swift in Sources */,
				E86AA5F91E3D8008003F6A97 /* QueryString.swift in Sources */,
				E89DE60C1E3A67E5009D1890 /* Connect.swift in Sources */,
				E89BF50E1E38C7BC00789982 /* APIExtensions.swift in Sources */,
				E89DE6531E3A7575009D1890 /* Cookies.swift in Sources */,
				E89DE6791E3A8814009D1890 /* ExpressIncomingMessage.swift in Sources */,
				E89DE64D1E3A730C009D1890 /* MethodOverride.swift in Sources */,
				E89DE6601E3A7C2A009D1890 /* JSONWritableStream.swift in Sources */,
				E89DE67A1E3A8814009D1890 /* ExpressJSON.swift in Sources */,
				E89DE6081E3A5362009D1890 /* ApacheConsole.swift in Sources */,
				E8F4F5A51E3A2E3F00EF24B4 /* http_module.swift in Sources */,
				E89DE64E1E3A730C009D1890 /* Pause.swift in Sources */,
				E86B394D1E3A3D970044CE55 /* MessageBase.swift in Sources */,
				E89DE67C1E3A8814009D1890 /* express_module.swift in Sources */,
				E89DE6781E3A8814009D1890 /* Express.swift in Sources */,
				E89DE6051E3A4CDC009D1890 /* console_module.swift in Sources */,
				E86B39501E3A3E9D0044CE55 /* WritableStreams.swift in Sources */,
				E89DE6041E3A4CDC009D1890 /* Console.swift in Sources */,
				E89DE6831E3A8814009D1890 /* ExpressServerResponse.swift in Sources */,
				E89DE65F1E3A7C2A009D1890 /* JsonFile.swift in Sources */,
				E89DE5FD1E3A44A1009D1890 /* Server.swift in Sources */,
				E89DE64F1E3A730C009D1890 /* Session.swift in Sources */,
				E89DE64C1E3A730C009D1890 /* CORS.swift in Sources */,
				E86AA5FB1E3D801F003F6A97 /* BodyParser.swift in Sources */,
				E89DE6001E3A4773009D1890 /* ExpressMain.swift in Sources */,
				E834530B1E3B9E0300174774 /* CookieParser.swift in Sources */,
				E86219741E38CE3A00286FD1 /* RequestInfoHandler.swift in Sources */,
				E89DE6801E3A8814009D1890 /* Route.swift in Sources */,
				E83453111E3B9E9700174774 /* timeval_any.swift in Sources */,
				E89DE6811E3A8814009D1890 /* RouteKeeper.swift in Sources */,
				E83453151E3B9F1F00174774 /* leftpad_module.swift in Sources */,
				E8F4F5A31E3A2E0F00EF24B4 /* ServerResponse.swift in Sources */,
				E834530F1E3B9E6100174774 /* timespec.swift in Sources */,
				E89DE6891E3A8EB7009D1890 /* process_module.swift in Sources */,
				E89DE6511E3A7312009D1890 /* TypeIs.swift in Sources */,
				E89DE6551E3A762C009D1890 /* HttpMisc.swift in Sources */,
				E89DE6611E3A7C2A009D1890 /* json_module.swift in Sources */,
				E89BF50D1E38C7BC00789982 /* mods_demo.swift in Sources */,
				E8F4F5A71E3A2E5000EF24B4 /* TinyExpressHandler.swift in Sources */,
				E89DE67D1E3A8814009D1890 /* ExpressMustache.swift in Sources */,
			);
			runOnlyForDeploymentPostprocessing = 0;
		};
		E89DE60E1E3A6DA8009D1890 /* Sources */ = {
			isa = PBXSourcesBuildPhase;
			buildActionMask = 2147483647;
			files = (
				E89DE6211E3A6DDE009D1890 /* UniqueRandomArray.swift in Sources */,
				E89DE61E1E3A6DDE009D1890 /* cows.swift in Sources */,
				E89DE61F1E3A6DDE009D1890 /* cows_module.swift in Sources */,
			);
			runOnlyForDeploymentPostprocessing = 0;
		};
		E89DE6261E3A7079009D1890 /* Sources */ = {
			isa = PBXSourcesBuildPhase;
			buildActionMask = 2147483647;
			files = (
				E89DE6421E3A70E2009D1890 /* JSONSubscripting.swift in Sources */,
				E89DE63D1E3A70E2009D1890 /* JSONDecodable.swift in Sources */,
				E89DE6401E3A70E2009D1890 /* JSONLiteralConvertible.swift in Sources */,
				E89DE6441E3A70E2009D1890 /* Swift3.swift in Sources */,
				E89DE6411E3A70E2009D1890 /* JSONParser.swift in Sources */,
				E89DE63E1E3A70E2009D1890 /* JSONEncodable.swift in Sources */,
				E89DE63C1E3A70E2009D1890 /* JSON.swift in Sources */,
				E89DE63F1E3A70E2009D1890 /* JSONEncodingDetector.swift in Sources */,
			);
			runOnlyForDeploymentPostprocessing = 0;
		};
/* End PBXSourcesBuildPhase section */

/* Begin PBXTargetDependency section */
		E8484DAC1E380C4800A5CFCE /* PBXTargetDependency */ = {
			isa = PBXTargetDependency;
			target = E8529C7A1E37D18A005822BD /* mod_swift */;
			targetProxy = E8484DAB1E380C4800A5CFCE /* PBXContainerItemProxy */;
		};
		E86219901E38E59A00286FD1 /* PBXTargetDependency */ = {
			isa = PBXTargetDependency;
			target = E862197A1E38E50F00286FD1 /* mustache */;
			targetProxy = E862198F1E38E59A00286FD1 /* PBXContainerItemProxy */;
		};
		E89DE6231E3A6E7C009D1890 /* PBXTargetDependency */ = {
			isa = PBXTargetDependency;
			target = E89DE6111E3A6DA8009D1890 /* cows */;
			targetProxy = E89DE6221E3A6E7C009D1890 /* PBXContainerItemProxy */;
		};
		E89DE6461E3A7111009D1890 /* PBXTargetDependency */ = {
			isa = PBXTargetDependency;
			target = E89DE6291E3A7079009D1890 /* Freddy */;
			targetProxy = E89DE6451E3A7111009D1890 /* PBXContainerItemProxy */;
		};
/* End PBXTargetDependency section */

/* Begin XCBuildConfiguration section */
		E800D05811EA98A2009CA003 /* Debug */ = {
			isa = XCBuildConfiguration;
			buildSettings = {
				CLANG_WARN_BOOL_CONVERSION = YES;
				CLANG_WARN_CONSTANT_CONVERSION = YES;
				CLANG_WARN_EMPTY_BODY = YES;
				CLANG_WARN_ENUM_CONVERSION = YES;
				CLANG_WARN_INFINITE_RECURSION = YES;
				CLANG_WARN_INT_CONVERSION = YES;
				CLANG_WARN_SUSPICIOUS_MOVE = YES;
				CLANG_WARN_UNREACHABLE_CODE = YES;
				CLANG_WARN__DUPLICATE_METHOD_MATCH = YES;
				COPY_PHASE_STRIP = NO;
				ENABLE_STRICT_OBJC_MSGSEND = YES;
				ENABLE_TESTABILITY = YES;
				GCC_NO_COMMON_BLOCKS = YES;
				GCC_WARN_64_TO_32_BIT_CONVERSION = YES;
				GCC_WARN_ABOUT_RETURN_TYPE = YES;
				GCC_WARN_UNDECLARED_SELECTOR = YES;
				GCC_WARN_UNINITIALIZED_AUTOS = YES;
				GCC_WARN_UNUSED_FUNCTION = YES;
				GCC_WARN_UNUSED_VARIABLE = YES;
				ONLY_ACTIVE_ARCH = YES;
			};
			name = Debug;
		};
		E800D05911EA98A2009CA003 /* Release */ = {
			isa = XCBuildConfiguration;
			buildSettings = {
				CLANG_WARN_BOOL_CONVERSION = YES;
				CLANG_WARN_CONSTANT_CONVERSION = YES;
				CLANG_WARN_EMPTY_BODY = YES;
				CLANG_WARN_ENUM_CONVERSION = YES;
				CLANG_WARN_INFINITE_RECURSION = YES;
				CLANG_WARN_INT_CONVERSION = YES;
				CLANG_WARN_SUSPICIOUS_MOVE = YES;
				CLANG_WARN_UNREACHABLE_CODE = YES;
				CLANG_WARN__DUPLICATE_METHOD_MATCH = YES;
				COPY_PHASE_STRIP = YES;
				ENABLE_STRICT_OBJC_MSGSEND = YES;
				GCC_NO_COMMON_BLOCKS = YES;
				GCC_WARN_64_TO_32_BIT_CONVERSION = YES;
				GCC_WARN_ABOUT_RETURN_TYPE = YES;
				GCC_WARN_UNDECLARED_SELECTOR = YES;
				GCC_WARN_UNINITIALIZED_AUTOS = YES;
				GCC_WARN_UNUSED_FUNCTION = YES;
				GCC_WARN_UNUSED_VARIABLE = YES;
			};
			name = Release;
		};
		E8529C7C1E37D18A005822BD /* Debug */ = {
			isa = XCBuildConfiguration;
			baseConfigurationReference = E8529C7F1E37D1A6005822BD /* ApacheCModule.xcconfig */;
			buildSettings = {
				CLANG_ANALYZER_NONNULL = YES;
				CLANG_CXX_LANGUAGE_STANDARD = "gnu++0x";
				CLANG_CXX_LIBRARY = "libc++";
				DEBUG_INFORMATION_FORMAT = dwarf;
				DYLIB_COMPATIBILITY_VERSION = 1;
				DYLIB_CURRENT_VERSION = 1;
				GCC_OPTIMIZATION_LEVEL = 0;
				GCC_PREPROCESSOR_DEFINITIONS = (
					"DEBUG=1",
					"$(inherited)",
				);
				MACOSX_DEPLOYMENT_TARGET = 10.12;
				MTL_ENABLE_DEBUG_INFO = YES;
				PRODUCT_NAME = "$(TARGET_NAME)";
				SDKROOT = macosx;
			};
			name = Debug;
		};
		E8529C7D1E37D18A005822BD /* Release */ = {
			isa = XCBuildConfiguration;
			baseConfigurationReference = E8529C7F1E37D1A6005822BD /* ApacheCModule.xcconfig */;
			buildSettings = {
				CLANG_ANALYZER_NONNULL = YES;
				CLANG_CXX_LANGUAGE_STANDARD = "gnu++0x";
				CLANG_CXX_LIBRARY = "libc++";
				COPY_PHASE_STRIP = NO;
				DEBUG_INFORMATION_FORMAT = "dwarf-with-dsym";
				DYLIB_COMPATIBILITY_VERSION = 1;
				DYLIB_CURRENT_VERSION = 1;
				ENABLE_NS_ASSERTIONS = NO;
				MACOSX_DEPLOYMENT_TARGET = 10.12;
				MTL_ENABLE_DEBUG_INFO = NO;
				PRODUCT_NAME = "$(TARGET_NAME)";
				SDKROOT = macosx;
			};
			name = Release;
		};
		E862197D1E38E50F00286FD1 /* Debug */ = {
			isa = XCBuildConfiguration;
			baseConfigurationReference = E869AC051E38C83100A35CE7 /* Base.xcconfig */;
			buildSettings = {
				ALWAYS_SEARCH_USER_PATHS = NO;
				CLANG_ANALYZER_NONNULL = YES;
				CLANG_CXX_LANGUAGE_STANDARD = "gnu++0x";
				CLANG_CXX_LIBRARY = "libc++";
				CLANG_ENABLE_MODULES = YES;
				CLANG_ENABLE_OBJC_ARC = YES;
				CLANG_WARN_DIRECT_OBJC_ISA_USAGE = YES_ERROR;
				CLANG_WARN_DOCUMENTATION_COMMENTS = YES;
				CLANG_WARN_OBJC_ROOT_CLASS = YES_ERROR;
				CODE_SIGN_IDENTITY = "-";
				DEBUG_INFORMATION_FORMAT = dwarf;
				DYLIB_COMPATIBILITY_VERSION = 1;
				DYLIB_CURRENT_VERSION = 1;
				DYLIB_INSTALL_NAME_BASE = "@rpath";
				EXECUTABLE_PREFIX = lib;
				GCC_C_LANGUAGE_STANDARD = gnu99;
				GCC_DYNAMIC_NO_PIC = NO;
				GCC_OPTIMIZATION_LEVEL = 0;
				GCC_PREPROCESSOR_DEFINITIONS = (
					"DEBUG=1",
					"$(inherited)",
				);
				GCC_WARN_ABOUT_RETURN_TYPE = YES_ERROR;
				GCC_WARN_UNINITIALIZED_AUTOS = YES_AGGRESSIVE;
				MACOSX_DEPLOYMENT_TARGET = 10.11;
				MTL_ENABLE_DEBUG_INFO = YES;
				PRODUCT_NAME = "$(TARGET_NAME)";
				SDKROOT = macosx;
				SWIFT_VERSION = 3.0;
			};
			name = Debug;
		};
		E862197E1E38E50F00286FD1 /* Release */ = {
			isa = XCBuildConfiguration;
			baseConfigurationReference = E869AC051E38C83100A35CE7 /* Base.xcconfig */;
			buildSettings = {
				ALWAYS_SEARCH_USER_PATHS = NO;
				CLANG_ANALYZER_NONNULL = YES;
				CLANG_CXX_LANGUAGE_STANDARD = "gnu++0x";
				CLANG_CXX_LIBRARY = "libc++";
				CLANG_ENABLE_MODULES = YES;
				CLANG_ENABLE_OBJC_ARC = YES;
				CLANG_WARN_DIRECT_OBJC_ISA_USAGE = YES_ERROR;
				CLANG_WARN_DOCUMENTATION_COMMENTS = YES;
				CLANG_WARN_OBJC_ROOT_CLASS = YES_ERROR;
				CODE_SIGN_IDENTITY = "-";
				COPY_PHASE_STRIP = NO;
				DEBUG_INFORMATION_FORMAT = "dwarf-with-dsym";
				DYLIB_COMPATIBILITY_VERSION = 1;
				DYLIB_CURRENT_VERSION = 1;
				DYLIB_INSTALL_NAME_BASE = "@rpath";
				ENABLE_NS_ASSERTIONS = NO;
				EXECUTABLE_PREFIX = lib;
				GCC_C_LANGUAGE_STANDARD = gnu99;
				GCC_WARN_ABOUT_RETURN_TYPE = YES_ERROR;
				GCC_WARN_UNINITIALIZED_AUTOS = YES_AGGRESSIVE;
				MACOSX_DEPLOYMENT_TARGET = 10.11;
				MTL_ENABLE_DEBUG_INFO = NO;
				PRODUCT_NAME = "$(TARGET_NAME)";
				SDKROOT = macosx;
				SWIFT_VERSION = 3.0;
			};
			name = Release;
		};
		E876A9631E36349800B81666 /* Debug */ = {
			isa = XCBuildConfiguration;
			baseConfigurationReference = E876A9661E3634B500B81666 /* ApacheSwiftModule.xcconfig */;
			buildSettings = {
				ALWAYS_SEARCH_USER_PATHS = NO;
				CLANG_ANALYZER_NONNULL = YES;
				CLANG_CXX_LANGUAGE_STANDARD = "gnu++0x";
				CLANG_CXX_LIBRARY = "libc++";
				CLANG_ENABLE_MODULES = YES;
				CLANG_ENABLE_OBJC_ARC = YES;
				CLANG_WARN_BOOL_CONVERSION = YES;
				CLANG_WARN_CONSTANT_CONVERSION = YES;
				CLANG_WARN_DIRECT_OBJC_ISA_USAGE = YES_ERROR;
				CLANG_WARN_EMPTY_BODY = YES;
				CLANG_WARN_ENUM_CONVERSION = YES;
				CLANG_WARN_INFINITE_RECURSION = YES;
				CLANG_WARN_INT_CONVERSION = YES;
				CLANG_WARN_OBJC_ROOT_CLASS = YES_ERROR;
				CLANG_WARN_SUSPICIOUS_MOVE = YES;
				CLANG_WARN_UNREACHABLE_CODE = YES;
				CLANG_WARN__DUPLICATE_METHOD_MATCH = YES;
				CODE_SIGN_IDENTITY = "-";
				DEBUG_INFORMATION_FORMAT = dwarf;
				DEVELOPMENT_TEAM = 4GXF3JAMM4;
				ENABLE_STRICT_OBJC_MSGSEND = YES;
				ENABLE_TESTABILITY = YES;
				GCC_C_LANGUAGE_STANDARD = gnu99;
				GCC_DYNAMIC_NO_PIC = NO;
				GCC_NO_COMMON_BLOCKS = YES;
				GCC_OPTIMIZATION_LEVEL = 0;
				GCC_PREPROCESSOR_DEFINITIONS = (
					"DEBUG=1",
					"$(inherited)",
				);
				GCC_WARN_64_TO_32_BIT_CONVERSION = YES;
				GCC_WARN_ABOUT_RETURN_TYPE = YES_ERROR;
				GCC_WARN_UNDECLARED_SELECTOR = YES;
				GCC_WARN_UNINITIALIZED_AUTOS = YES_AGGRESSIVE;
				GCC_WARN_UNUSED_FUNCTION = YES;
				GCC_WARN_UNUSED_VARIABLE = YES;
				LIBRARY_SEARCH_PATHS = (
					"$(inherited)",
					"$(SDKROOT)$(SYSTEM_LIBRARY_DIR)/PrivateFrameworks/Swift",
				);
				MACOSX_DEPLOYMENT_TARGET = 10.11;
				MTL_ENABLE_DEBUG_INFO = YES;
				ONLY_ACTIVE_ARCH = YES;
				PRODUCT_NAME = "$(TARGET_NAME)";
				SDKROOT = macosx;
				SWIFT_OPTIMIZATION_LEVEL = "-Onone";
				SWIFT_VERSION = 3.0;
			};
			name = Debug;
		};
		E876A9641E36349800B81666 /* Release */ = {
			isa = XCBuildConfiguration;
			baseConfigurationReference = E876A9661E3634B500B81666 /* ApacheSwiftModule.xcconfig */;
			buildSettings = {
				ALWAYS_SEARCH_USER_PATHS = NO;
				CLANG_ANALYZER_NONNULL = YES;
				CLANG_CXX_LANGUAGE_STANDARD = "gnu++0x";
				CLANG_CXX_LIBRARY = "libc++";
				CLANG_ENABLE_MODULES = YES;
				CLANG_ENABLE_OBJC_ARC = YES;
				CLANG_WARN_BOOL_CONVERSION = YES;
				CLANG_WARN_CONSTANT_CONVERSION = YES;
				CLANG_WARN_DIRECT_OBJC_ISA_USAGE = YES_ERROR;
				CLANG_WARN_EMPTY_BODY = YES;
				CLANG_WARN_ENUM_CONVERSION = YES;
				CLANG_WARN_INFINITE_RECURSION = YES;
				CLANG_WARN_INT_CONVERSION = YES;
				CLANG_WARN_OBJC_ROOT_CLASS = YES_ERROR;
				CLANG_WARN_SUSPICIOUS_MOVE = YES;
				CLANG_WARN_UNREACHABLE_CODE = YES;
				CLANG_WARN__DUPLICATE_METHOD_MATCH = YES;
				CODE_SIGN_IDENTITY = "-";
				COPY_PHASE_STRIP = NO;
				DEBUG_INFORMATION_FORMAT = "dwarf-with-dsym";
				DEVELOPMENT_TEAM = 4GXF3JAMM4;
				ENABLE_NS_ASSERTIONS = NO;
				ENABLE_STRICT_OBJC_MSGSEND = YES;
				GCC_C_LANGUAGE_STANDARD = gnu99;
				GCC_NO_COMMON_BLOCKS = YES;
				GCC_WARN_64_TO_32_BIT_CONVERSION = YES;
				GCC_WARN_ABOUT_RETURN_TYPE = YES_ERROR;
				GCC_WARN_UNDECLARED_SELECTOR = YES;
				GCC_WARN_UNINITIALIZED_AUTOS = YES_AGGRESSIVE;
				GCC_WARN_UNUSED_FUNCTION = YES;
				GCC_WARN_UNUSED_VARIABLE = YES;
				LIBRARY_SEARCH_PATHS = (
					"$(inherited)",
					"$(SDKROOT)$(SYSTEM_LIBRARY_DIR)/PrivateFrameworks/Swift",
				);
				MACOSX_DEPLOYMENT_TARGET = 10.11;
				MTL_ENABLE_DEBUG_INFO = NO;
				PRODUCT_NAME = "$(TARGET_NAME)";
				SDKROOT = macosx;
				SWIFT_VERSION = 3.0;
			};
			name = Release;
		};
		E89DE6141E3A6DA8009D1890 /* Debug */ = {
			isa = XCBuildConfiguration;
			baseConfigurationReference = E869AC051E38C83100A35CE7 /* Base.xcconfig */;
			buildSettings = {
				ALWAYS_SEARCH_USER_PATHS = NO;
				CLANG_CXX_LANGUAGE_STANDARD = "gnu++0x";
				CLANG_CXX_LIBRARY = "libc++";
				CLANG_WARN_DOCUMENTATION_COMMENTS = YES;
				CODE_SIGN_IDENTITY = "-";
				DEBUG_INFORMATION_FORMAT = dwarf;
				DYLIB_COMPATIBILITY_VERSION = 1;
				DYLIB_CURRENT_VERSION = 1;
				DYLIB_INSTALL_NAME_BASE = "@rpath";
				EXECUTABLE_PREFIX = lib;
				GCC_C_LANGUAGE_STANDARD = gnu99;
				GCC_DYNAMIC_NO_PIC = NO;
				GCC_OPTIMIZATION_LEVEL = 0;
				GCC_PREPROCESSOR_DEFINITIONS = (
					"DEBUG=1",
					"$(inherited)",
				);
				MACOSX_DEPLOYMENT_TARGET = 10.11;
				MTL_ENABLE_DEBUG_INFO = YES;
				PRODUCT_NAME = "$(TARGET_NAME)";
				SDKROOT = macosx;
			};
			name = Debug;
		};
		E89DE6151E3A6DA8009D1890 /* Release */ = {
			isa = XCBuildConfiguration;
			baseConfigurationReference = E869AC051E38C83100A35CE7 /* Base.xcconfig */;
			buildSettings = {
				ALWAYS_SEARCH_USER_PATHS = NO;
				CLANG_CXX_LANGUAGE_STANDARD = "gnu++0x";
				CLANG_CXX_LIBRARY = "libc++";
				CLANG_WARN_DOCUMENTATION_COMMENTS = YES;
				CODE_SIGN_IDENTITY = "-";
				COPY_PHASE_STRIP = NO;
				DEBUG_INFORMATION_FORMAT = "dwarf-with-dsym";
				DYLIB_COMPATIBILITY_VERSION = 1;
				DYLIB_CURRENT_VERSION = 1;
				DYLIB_INSTALL_NAME_BASE = "@rpath";
				ENABLE_NS_ASSERTIONS = NO;
				EXECUTABLE_PREFIX = lib;
				GCC_C_LANGUAGE_STANDARD = gnu99;
				MACOSX_DEPLOYMENT_TARGET = 10.11;
				MTL_ENABLE_DEBUG_INFO = NO;
				PRODUCT_NAME = "$(TARGET_NAME)";
				SDKROOT = macosx;
			};
			name = Release;
		};
		E89DE62C1E3A7079009D1890 /* Debug */ = {
			isa = XCBuildConfiguration;
			baseConfigurationReference = E869AC051E38C83100A35CE7 /* Base.xcconfig */;
			buildSettings = {
				ALWAYS_SEARCH_USER_PATHS = NO;
				CLANG_CXX_LANGUAGE_STANDARD = "gnu++0x";
				CLANG_CXX_LIBRARY = "libc++";
				CLANG_WARN_DIRECT_OBJC_ISA_USAGE = YES_ERROR;
				CLANG_WARN_DOCUMENTATION_COMMENTS = YES;
				CLANG_WARN_OBJC_ROOT_CLASS = YES_ERROR;
				CODE_SIGN_IDENTITY = "-";
				DEBUG_INFORMATION_FORMAT = dwarf;
				DYLIB_COMPATIBILITY_VERSION = 1;
				DYLIB_CURRENT_VERSION = 1;
				DYLIB_INSTALL_NAME_BASE = "@rpath";
				EXECUTABLE_PREFIX = lib;
				GCC_DYNAMIC_NO_PIC = NO;
				GCC_OPTIMIZATION_LEVEL = 0;
				GCC_PREPROCESSOR_DEFINITIONS = (
					"DEBUG=1",
					"$(inherited)",
				);
				MACOSX_DEPLOYMENT_TARGET = 10.11;
				MTL_ENABLE_DEBUG_INFO = YES;
				PRODUCT_NAME = "$(TARGET_NAME)";
				SDKROOT = macosx;
			};
			name = Debug;
		};
		E89DE62D1E3A7079009D1890 /* Release */ = {
			isa = XCBuildConfiguration;
			baseConfigurationReference = E869AC051E38C83100A35CE7 /* Base.xcconfig */;
			buildSettings = {
				ALWAYS_SEARCH_USER_PATHS = NO;
				CLANG_CXX_LANGUAGE_STANDARD = "gnu++0x";
				CLANG_CXX_LIBRARY = "libc++";
				CLANG_WARN_DIRECT_OBJC_ISA_USAGE = YES_ERROR;
				CLANG_WARN_DOCUMENTATION_COMMENTS = YES;
				CLANG_WARN_OBJC_ROOT_CLASS = YES_ERROR;
				CODE_SIGN_IDENTITY = "-";
				COPY_PHASE_STRIP = NO;
				DEBUG_INFORMATION_FORMAT = "dwarf-with-dsym";
				DYLIB_COMPATIBILITY_VERSION = 1;
				DYLIB_CURRENT_VERSION = 1;
				DYLIB_INSTALL_NAME_BASE = "@rpath";
				EXECUTABLE_PREFIX = lib;
				MACOSX_DEPLOYMENT_TARGET = 10.11;
				MTL_ENABLE_DEBUG_INFO = NO;
				PRODUCT_NAME = "$(TARGET_NAME)";
				SDKROOT = macosx;
			};
			name = Release;
		};
/* End XCBuildConfiguration section */

/* Begin XCConfigurationList section */
		E800D05A11EA98A2009CA003 /* Build configuration list for PBXProject "mod_swift" */ = {
			isa = XCConfigurationList;
			buildConfigurations = (
				E800D05811EA98A2009CA003 /* Debug */,
				E800D05911EA98A2009CA003 /* Release */,
			);
			defaultConfigurationIsVisible = 0;
			defaultConfigurationName = Release;
		};
		E8529C7E1E37D18A005822BD /* Build configuration list for PBXNativeTarget "mod_swift" */ = {
			isa = XCConfigurationList;
			buildConfigurations = (
				E8529C7C1E37D18A005822BD /* Debug */,
				E8529C7D1E37D18A005822BD /* Release */,
			);
			defaultConfigurationIsVisible = 0;
			defaultConfigurationName = Release;
		};
		E862197C1E38E50F00286FD1 /* Build configuration list for PBXNativeTarget "mustache" */ = {
			isa = XCConfigurationList;
			buildConfigurations = (
				E862197D1E38E50F00286FD1 /* Debug */,
				E862197E1E38E50F00286FD1 /* Release */,
			);
			defaultConfigurationIsVisible = 0;
			defaultConfigurationName = Release;
		};
		E876A9621E36349800B81666 /* Build configuration list for PBXNativeTarget "mods_demo" */ = {
			isa = XCConfigurationList;
			buildConfigurations = (
				E876A9631E36349800B81666 /* Debug */,
				E876A9641E36349800B81666 /* Release */,
			);
			defaultConfigurationIsVisible = 0;
			defaultConfigurationName = Release;
		};
		E89DE6131E3A6DA8009D1890 /* Build configuration list for PBXNativeTarget "cows" */ = {
			isa = XCConfigurationList;
			buildConfigurations = (
				E89DE6141E3A6DA8009D1890 /* Debug */,
				E89DE6151E3A6DA8009D1890 /* Release */,
			);
			defaultConfigurationIsVisible = 0;
			defaultConfigurationName = Release;
		};
		E89DE62B1E3A7079009D1890 /* Build configuration list for PBXNativeTarget "Freddy" */ = {
			isa = XCConfigurationList;
			buildConfigurations = (
				E89DE62C1E3A7079009D1890 /* Debug */,
				E89DE62D1E3A7079009D1890 /* Release */,
			);
			defaultConfigurationIsVisible = 0;
			defaultConfigurationName = Release;
		};
/* End XCConfigurationList section */
	};
	rootObject = E800D05711EA98A2009CA003 /* Project object */;
}
