// !$*UTF8*$!
{
	archiveVersion = 1;
	classes = {
	};
	objectVersion = 46;
	objects = {

/* Begin PBXBuildFile section */
		E8AF38811E4A073700CBF4CB /* ReExport.swift in Sources */ = {isa = PBXBuildFile; fileRef = E8AF38801E4A073700CBF4CB /* ReExport.swift */; };
		E8AF38831E4A0A0700CBF4CB /* ApacheConsole.swift in Sources */ = {isa = PBXBuildFile; fileRef = E8AF38821E4A0A0700CBF4CB /* ApacheConsole.swift */; };
		E8AF38851E4A0A1200CBF4CB /* ApacheExpress.swift in Sources */ = {isa = PBXBuildFile; fileRef = E8AF38841E4A0A1200CBF4CB /* ApacheExpress.swift */; };
		E8AF388D1E4A0A3100CBF4CB /* ApacheExpressHandler.swift in Sources */ = {isa = PBXBuildFile; fileRef = E8AF38871E4A0A3100CBF4CB /* ApacheExpressHandler.swift */; };
		E8AF388E1E4A0A3100CBF4CB /* ApacheIncomingMessage.swift in Sources */ = {isa = PBXBuildFile; fileRef = E8AF38881E4A0A3100CBF4CB /* ApacheIncomingMessage.swift */; };
		E8AF388F1E4A0A3100CBF4CB /* ApacheMessageBase.swift in Sources */ = {isa = PBXBuildFile; fileRef = E8AF38891E4A0A3100CBF4CB /* ApacheMessageBase.swift */; };
		E8AF38911E4A0A3100CBF4CB /* ApacheServer.swift in Sources */ = {isa = PBXBuildFile; fileRef = E8AF388B1E4A0A3100CBF4CB /* ApacheServer.swift */; };
		E8AF38921E4A0A3100CBF4CB /* ApacheServerResponse.swift in Sources */ = {isa = PBXBuildFile; fileRef = E8AF388C1E4A0A3100CBF4CB /* ApacheServerResponse.swift */; };
		E8C094EC1E49FB960041E7E8 /* libExExpress.dylib in Frameworks */ = {isa = PBXBuildFile; fileRef = E8C094E91E49FB870041E7E8 /* libExExpress.dylib */; };
/* End PBXBuildFile section */

/* Begin PBXContainerItemProxy section */
		E8C094E81E49FB870041E7E8 /* PBXContainerItemProxy */ = {
			isa = PBXContainerItemProxy;
			containerPortal = E8C094E21E49FB870041E7E8 /* ExExpress.xcodeproj */;
			proxyType = 2;
			remoteGlobalIDString = E82359181E49F02C000B3120;
			remoteInfo = ExExpress;
		};
		E8C094EA1E49FB900041E7E8 /* PBXContainerItemProxy */ = {
			isa = PBXContainerItemProxy;
			containerPortal = E8C094E21E49FB870041E7E8 /* ExExpress.xcodeproj */;
			proxyType = 1;
			remoteGlobalIDString = E82359171E49F02C000B3120;
			remoteInfo = ExExpress;
		};
/* End PBXContainerItemProxy section */

/* Begin PBXFileReference section */
		E83AF8A81E3E3F820039F300 /* libApacheExpress.dylib */ = {isa = PBXFileReference; explicitFileType = "compiled.mach-o.dylib"; includeInIndex = 0; path = libApacheExpress.dylib; sourceTree = BUILT_PRODUCTS_DIR; };
		E85EF18A1E3E5447007A8C48 /* README.md */ = {isa = PBXFileReference; lastKnownFileType = net.daringfireball.markdown; path = README.md; sourceTree = "<group>"; };
		E85EF18D1E3E54C2007A8C48 /* ModSwiftLib.xcconfig */ = {isa = PBXFileReference; lastKnownFileType = text.xcconfig; name = ModSwiftLib.xcconfig; path = xcconfig/ModSwiftLib.xcconfig; sourceTree = "<group>"; };
		E8AF38801E4A073700CBF4CB /* ReExport.swift */ = {isa = PBXFileReference; fileEncoding = 4; lastKnownFileType = sourcecode.swift; name = ReExport.swift; path = Sources/ReExport.swift; sourceTree = "<group>"; };
		E8AF38821E4A0A0700CBF4CB /* ApacheConsole.swift */ = {isa = PBXFileReference; fileEncoding = 4; lastKnownFileType = sourcecode.swift; name = ApacheConsole.swift; path = Sources/ApacheConsole.swift; sourceTree = SOURCE_ROOT; };
		E8AF38841E4A0A1200CBF4CB /* ApacheExpress.swift */ = {isa = PBXFileReference; fileEncoding = 4; lastKnownFileType = sourcecode.swift; name = ApacheExpress.swift; path = Sources/ApacheExpress.swift; sourceTree = "<group>"; };
		E8AF38871E4A0A3100CBF4CB /* ApacheExpressHandler.swift */ = {isa = PBXFileReference; fileEncoding = 4; lastKnownFileType = sourcecode.swift; name = ApacheExpressHandler.swift; path = Sources/ApacheExpressHandler.swift; sourceTree = SOURCE_ROOT; };
		E8AF38881E4A0A3100CBF4CB /* ApacheIncomingMessage.swift */ = {isa = PBXFileReference; fileEncoding = 4; lastKnownFileType = sourcecode.swift; name = ApacheIncomingMessage.swift; path = Sources/ApacheIncomingMessage.swift; sourceTree = SOURCE_ROOT; };
		E8AF38891E4A0A3100CBF4CB /* ApacheMessageBase.swift */ = {isa = PBXFileReference; fileEncoding = 4; lastKnownFileType = sourcecode.swift; name = ApacheMessageBase.swift; path = Sources/ApacheMessageBase.swift; sourceTree = SOURCE_ROOT; };
		E8AF388B1E4A0A3100CBF4CB /* ApacheServer.swift */ = {isa = PBXFileReference; fileEncoding = 4; lastKnownFileType = sourcecode.swift; name = ApacheServer.swift; path = Sources/ApacheServer.swift; sourceTree = SOURCE_ROOT; };
		E8AF388C1E4A0A3100CBF4CB /* ApacheServerResponse.swift */ = {isa = PBXFileReference; fileEncoding = 4; lastKnownFileType = sourcecode.swift; name = ApacheServerResponse.swift; path = Sources/ApacheServerResponse.swift; sourceTree = SOURCE_ROOT; };
		E8C094DA1E49F9D30041E7E8 /* GNUmakefile */ = {isa = PBXFileReference; lastKnownFileType = text; path = GNUmakefile; sourceTree = "<group>"; };
		E8C094E21E49FB870041E7E8 /* ExExpress.xcodeproj */ = {isa = PBXFileReference; lastKnownFileType = "wrapper.pb-project"; name = ExExpress.xcodeproj; path = ../ThirdParty/ExExpress/ExExpress.xcodeproj; sourceTree = "<group>"; };
/* End PBXFileReference section */

/* Begin PBXFrameworksBuildPhase section */
		E83AF8A51E3E3F820039F300 /* Frameworks */ = {
			isa = PBXFrameworksBuildPhase;
			buildActionMask = 2147483647;
			files = (
				E8C094EC1E49FB960041E7E8 /* libExExpress.dylib in Frameworks */,
			);
			runOnlyForDeploymentPostprocessing = 0;
		};
/* End PBXFrameworksBuildPhase section */

/* Begin PBXGroup section */
		E83AF89F1E3E3F820039F300 = {
			isa = PBXGroup;
			children = (
				E85EF18A1E3E5447007A8C48 /* README.md */,
				E85EF1851E3E53CD007A8C48 /* Sources */,
				E85EF1871E3E53DB007A8C48 /* Configurations */,
				E8BE21BB1E3E5583006AF90D /* ThirdParty */,
				E83AF8A91E3E3F820039F300 /* Products */,
			);
			sourceTree = "<group>";
		};
		E83AF8A91E3E3F820039F300 /* Products */ = {
			isa = PBXGroup;
			children = (
				E83AF8A81E3E3F820039F300 /* libApacheExpress.dylib */,
			);
			name = Products;
			sourceTree = "<group>";
		};
		E85EF1851E3E53CD007A8C48 /* Sources */ = {
			isa = PBXGroup;
			children = (
				E8AF38841E4A0A1200CBF4CB /* ApacheExpress.swift */,
				E8AF38801E4A073700CBF4CB /* ReExport.swift */,
				E85EF1AE1E3E5500007A8C48 /* http */,
				E8AF38861E4A0A2100CBF4CB /* console */,
			);
			name = Sources;
			sourceTree = "<group>";
		};
		E85EF1871E3E53DB007A8C48 /* Configurations */ = {
			isa = PBXGroup;
			children = (
				E85EF18D1E3E54C2007A8C48 /* ModSwiftLib.xcconfig */,
				E8C094DA1E49F9D30041E7E8 /* GNUmakefile */,
			);
			name = Configurations;
			sourceTree = "<group>";
		};
		E85EF1AE1E3E5500007A8C48 /* http */ = {
			isa = PBXGroup;
			children = (
				E8AF38871E4A0A3100CBF4CB /* ApacheExpressHandler.swift */,
				E8AF388B1E4A0A3100CBF4CB /* ApacheServer.swift */,
				E8AF38881E4A0A3100CBF4CB /* ApacheIncomingMessage.swift */,
				E8AF38891E4A0A3100CBF4CB /* ApacheMessageBase.swift */,
				E8AF388C1E4A0A3100CBF4CB /* ApacheServerResponse.swift */,
			);
			name = http;
			path = Sources/http;
			sourceTree = "<group>";
		};
		E8AF38861E4A0A2100CBF4CB /* console */ = {
			isa = PBXGroup;
			children = (
				E8AF38821E4A0A0700CBF4CB /* ApacheConsole.swift */,
			);
			name = console;
			sourceTree = "<group>";
		};
		E8BE21BB1E3E5583006AF90D /* ThirdParty */ = {
			isa = PBXGroup;
			children = (
				E8C094E21E49FB870041E7E8 /* ExExpress.xcodeproj */,
			);
			name = ThirdParty;
			sourceTree = "<group>";
		};
		E8C094E31E49FB870041E7E8 /* Products */ = {
			isa = PBXGroup;
			children = (
				E8C094E91E49FB870041E7E8 /* libExExpress.dylib */,
			);
			name = Products;
			sourceTree = "<group>";
		};
/* End PBXGroup section */

/* Begin PBXHeadersBuildPhase section */
		E83AF8A61E3E3F820039F300 /* Headers */ = {
			isa = PBXHeadersBuildPhase;
			buildActionMask = 2147483647;
			files = (
			);
			runOnlyForDeploymentPostprocessing = 0;
		};
/* End PBXHeadersBuildPhase section */

/* Begin PBXNativeTarget section */
		E83AF8A71E3E3F820039F300 /* ApacheExpress */ = {
			isa = PBXNativeTarget;
			buildConfigurationList = E83AF8AC1E3E3F820039F300 /* Build configuration list for PBXNativeTarget "ApacheExpress" */;
			buildPhases = (
				E83AF8A41E3E3F820039F300 /* Sources */,
				E83AF8A51E3E3F820039F300 /* Frameworks */,
				E83AF8A61E3E3F820039F300 /* Headers */,
			);
			buildRules = (
			);
			dependencies = (
				E8C094EB1E49FB900041E7E8 /* PBXTargetDependency */,
			);
			name = ApacheExpress;
			productName = ApacheExpress;
			productReference = E83AF8A81E3E3F820039F300 /* libApacheExpress.dylib */;
			productType = "com.apple.product-type.library.dynamic";
		};
/* End PBXNativeTarget section */

/* Begin PBXProject section */
		E83AF8A01E3E3F820039F300 /* Project object */ = {
			isa = PBXProject;
			attributes = {
				LastUpgradeCheck = 0820;
				ORGANIZATIONNAME = "ZeeZide GmbH";
				TargetAttributes = {
					E83AF8A71E3E3F820039F300 = {
						CreatedOnToolsVersion = 8.2.1;
						DevelopmentTeam = 4GXF3JAMM4;
						ProvisioningStyle = Automatic;
					};
				};
			};
			buildConfigurationList = E83AF8A31E3E3F820039F300 /* Build configuration list for PBXProject "ApacheExpress" */;
			compatibilityVersion = "Xcode 3.2";
			developmentRegion = English;
			hasScannedForEncodings = 0;
			knownRegions = (
				en,
			);
			mainGroup = E83AF89F1E3E3F820039F300;
			productRefGroup = E83AF8A91E3E3F820039F300 /* Products */;
			projectDirPath = "";
			projectReferences = (
				{
					ProductGroup = E8C094E31E49FB870041E7E8 /* Products */;
					ProjectRef = E8C094E21E49FB870041E7E8 /* ExExpress.xcodeproj */;
				},
			);
			projectRoot = "";
			targets = (
				E83AF8A71E3E3F820039F300 /* ApacheExpress */,
			);
		};
/* End PBXProject section */

/* Begin PBXReferenceProxy section */
		E8C094E91E49FB870041E7E8 /* libExExpress.dylib */ = {
			isa = PBXReferenceProxy;
			fileType = "compiled.mach-o.dylib";
			path = libExExpress.dylib;
			remoteRef = E8C094E81E49FB870041E7E8 /* PBXContainerItemProxy */;
			sourceTree = BUILT_PRODUCTS_DIR;
		};
/* End PBXReferenceProxy section */

/* Begin PBXSourcesBuildPhase section */
		E83AF8A41E3E3F820039F300 /* Sources */ = {
			isa = PBXSourcesBuildPhase;
			buildActionMask = 2147483647;
			files = (
				E8AF38911E4A0A3100CBF4CB /* ApacheServer.swift in Sources */,
				E8AF38921E4A0A3100CBF4CB /* ApacheServerResponse.swift in Sources */,
				E8AF38831E4A0A0700CBF4CB /* ApacheConsole.swift in Sources */,
				E8AF388F1E4A0A3100CBF4CB /* ApacheMessageBase.swift in Sources */,
				E8AF38811E4A073700CBF4CB /* ReExport.swift in Sources */,
				E8AF388D1E4A0A3100CBF4CB /* ApacheExpressHandler.swift in Sources */,
				E8AF388E1E4A0A3100CBF4CB /* ApacheIncomingMessage.swift in Sources */,
				E8AF38851E4A0A1200CBF4CB /* ApacheExpress.swift in Sources */,
			);
			runOnlyForDeploymentPostprocessing = 0;
		};
/* End PBXSourcesBuildPhase section */

/* Begin PBXTargetDependency section */
		E8C094EB1E49FB900041E7E8 /* PBXTargetDependency */ = {
			isa = PBXTargetDependency;
			name = ExExpress;
			targetProxy = E8C094EA1E49FB900041E7E8 /* PBXContainerItemProxy */;
		};
/* End PBXTargetDependency section */

/* Begin XCBuildConfiguration section */
		E83AF8AA1E3E3F820039F300 /* Debug */ = {
			isa = XCBuildConfiguration;
			buildSettings = {
				ALWAYS_SEARCH_USER_PATHS = NO;
				CLANG_ANALYZER_NONNULL = YES;
				CLANG_CXX_LANGUAGE_STANDARD = "gnu++0x";
				CLANG_CXX_LIBRARY = "libc++";
				CLANG_ENABLE_MODULES = YES;
				CLANG_ENABLE_OBJC_ARC = YES;
				CLANG_WARN_BOOL_CONVERSION = YES;
				CLANG_WARN_CONSTANT_CONVERSION = YES;
				CLANG_WARN_DIRECT_OBJC_ISA_USAGE = YES_ERROR;
				CLANG_WARN_DOCUMENTATION_COMMENTS = YES;
				CLANG_WARN_EMPTY_BODY = YES;
				CLANG_WARN_ENUM_CONVERSION = YES;
				CLANG_WARN_INFINITE_RECURSION = YES;
				CLANG_WARN_INT_CONVERSION = YES;
				CLANG_WARN_OBJC_ROOT_CLASS = YES_ERROR;
				CLANG_WARN_SUSPICIOUS_MOVE = YES;
				CLANG_WARN_UNREACHABLE_CODE = YES;
				CLANG_WARN__DUPLICATE_METHOD_MATCH = YES;
				CODE_SIGN_IDENTITY = "-";
				COPY_PHASE_STRIP = NO;
				DEBUG_INFORMATION_FORMAT = dwarf;
				ENABLE_STRICT_OBJC_MSGSEND = YES;
				ENABLE_TESTABILITY = YES;
				GCC_C_LANGUAGE_STANDARD = gnu99;
				GCC_DYNAMIC_NO_PIC = NO;
				GCC_NO_COMMON_BLOCKS = YES;
				GCC_OPTIMIZATION_LEVEL = 0;
				GCC_PREPROCESSOR_DEFINITIONS = (
					"DEBUG=1",
					"$(inherited)",
				);
				GCC_WARN_64_TO_32_BIT_CONVERSION = YES;
				GCC_WARN_ABOUT_RETURN_TYPE = YES_ERROR;
				GCC_WARN_UNDECLARED_SELECTOR = YES;
				GCC_WARN_UNINITIALIZED_AUTOS = YES_AGGRESSIVE;
				GCC_WARN_UNUSED_FUNCTION = YES;
				GCC_WARN_UNUSED_VARIABLE = YES;
				MACOSX_DEPLOYMENT_TARGET = 10.12;
				MTL_ENABLE_DEBUG_INFO = YES;
				ONLY_ACTIVE_ARCH = YES;
				SDKROOT = macosx;
			};
			name = Debug;
		};
		E83AF8AB1E3E3F820039F300 /* Release */ = {
			isa = XCBuildConfiguration;
			buildSettings = {
				ALWAYS_SEARCH_USER_PATHS = NO;
				CLANG_ANALYZER_NONNULL = YES;
				CLANG_CXX_LANGUAGE_STANDARD = "gnu++0x";
				CLANG_CXX_LIBRARY = "libc++";
				CLANG_ENABLE_MODULES = YES;
				CLANG_ENABLE_OBJC_ARC = YES;
				CLANG_WARN_BOOL_CONVERSION = YES;
				CLANG_WARN_CONSTANT_CONVERSION = YES;
				CLANG_WARN_DIRECT_OBJC_ISA_USAGE = YES_ERROR;
				CLANG_WARN_DOCUMENTATION_COMMENTS = YES;
				CLANG_WARN_EMPTY_BODY = YES;
				CLANG_WARN_ENUM_CONVERSION = YES;
				CLANG_WARN_INFINITE_RECURSION = YES;
				CLANG_WARN_INT_CONVERSION = YES;
				CLANG_WARN_OBJC_ROOT_CLASS = YES_ERROR;
				CLANG_WARN_SUSPICIOUS_MOVE = YES;
				CLANG_WARN_UNREACHABLE_CODE = YES;
				CLANG_WARN__DUPLICATE_METHOD_MATCH = YES;
				CODE_SIGN_IDENTITY = "-";
				COPY_PHASE_STRIP = NO;
				DEBUG_INFORMATION_FORMAT = "dwarf-with-dsym";
				ENABLE_NS_ASSERTIONS = NO;
				ENABLE_STRICT_OBJC_MSGSEND = YES;
				GCC_C_LANGUAGE_STANDARD = gnu99;
				GCC_NO_COMMON_BLOCKS = YES;
				GCC_WARN_64_TO_32_BIT_CONVERSION = YES;
				GCC_WARN_ABOUT_RETURN_TYPE = YES_ERROR;
				GCC_WARN_UNDECLARED_SELECTOR = YES;
				GCC_WARN_UNINITIALIZED_AUTOS = YES_AGGRESSIVE;
				GCC_WARN_UNUSED_FUNCTION = YES;
				GCC_WARN_UNUSED_VARIABLE = YES;
				MACOSX_DEPLOYMENT_TARGET = 10.12;
				MTL_ENABLE_DEBUG_INFO = NO;
				SDKROOT = macosx;
			};
			name = Release;
		};
		E83AF8AD1E3E3F820039F300 /* Debug */ = {
			isa = XCBuildConfiguration;
			baseConfigurationReference = E85EF18D1E3E54C2007A8C48 /* ModSwiftLib.xcconfig */;
			buildSettings = {
				DEVELOPMENT_TEAM = 4GXF3JAMM4;
				DYLIB_COMPATIBILITY_VERSION = 1;
				DYLIB_CURRENT_VERSION = 1;
				EXECUTABLE_PREFIX = lib;
				PRODUCT_NAME = "$(TARGET_NAME)";
			};
			name = Debug;
		};
		E83AF8AE1E3E3F820039F300 /* Release */ = {
			isa = XCBuildConfiguration;
			baseConfigurationReference = E85EF18D1E3E54C2007A8C48 /* ModSwiftLib.xcconfig */;
			buildSettings = {
				DEVELOPMENT_TEAM = 4GXF3JAMM4;
				DYLIB_COMPATIBILITY_VERSION = 1;
				DYLIB_CURRENT_VERSION = 1;
				EXECUTABLE_PREFIX = lib;
				PRODUCT_NAME = "$(TARGET_NAME)";
			};
			name = Release;
		};
/* End XCBuildConfiguration section */

/* Begin XCConfigurationList section */
		E83AF8A31E3E3F820039F300 /* Build configuration list for PBXProject "ApacheExpress" */ = {
			isa = XCConfigurationList;
			buildConfigurations = (
				E83AF8AA1E3E3F820039F300 /* Debug */,
				E83AF8AB1E3E3F820039F300 /* Release */,
			);
			defaultConfigurationIsVisible = 0;
			defaultConfigurationName = Release;
		};
		E83AF8AC1E3E3F820039F300 /* Build configuration list for PBXNativeTarget "ApacheExpress" */ = {
			isa = XCConfigurationList;
			buildConfigurations = (
				E83AF8AD1E3E3F820039F300 /* Debug */,
				E83AF8AE1E3E3F820039F300 /* Release */,
			);
			defaultConfigurationIsVisible = 0;
			defaultConfigurationName = Release;
		};
/* End XCConfigurationList section */
	};
	rootObject = E83AF8A01E3E3F820039F300 /* Project object */;
}
